// !$*UTF8*$!
{
	archiveVersion = 1;
	classes = {
	};
	objectVersion = 46;
	objects = {

/* Begin PBXBuildFile section */
		3B73083C1923A79C00E7CA6E /* Foundation.framework in Frameworks */ = {isa = PBXBuildFile; fileRef = 3B73083B1923A79C00E7CA6E /* Foundation.framework */; };
		3B73083E1923A79C00E7CA6E /* CoreGraphics.framework in Frameworks */ = {isa = PBXBuildFile; fileRef = 3B73083D1923A79C00E7CA6E /* CoreGraphics.framework */; };
		3B7308401923A79C00E7CA6E /* UIKit.framework in Frameworks */ = {isa = PBXBuildFile; fileRef = 3B73083F1923A79C00E7CA6E /* UIKit.framework */; };
		3B7308461923A79C00E7CA6E /* InfoPlist.strings in Resources */ = {isa = PBXBuildFile; fileRef = 3B7308441923A79C00E7CA6E /* InfoPlist.strings */; };
		3B7308481923A79C00E7CA6E /* main.m in Sources */ = {isa = PBXBuildFile; fileRef = 3B7308471923A79C00E7CA6E /* main.m */; };
		3B73084C1923A79C00E7CA6E /* AppDelegate.m in Sources */ = {isa = PBXBuildFile; fileRef = 3B73084B1923A79C00E7CA6E /* AppDelegate.m */; };
		3B73084E1923A79C00E7CA6E /* Images.xcassets in Resources */ = {isa = PBXBuildFile; fileRef = 3B73084D1923A79C00E7CA6E /* Images.xcassets */; };
		3B7308551923A79C00E7CA6E /* XCTest.framework in Frameworks */ = {isa = PBXBuildFile; fileRef = 3B7308541923A79C00E7CA6E /* XCTest.framework */; };
		3B7308561923A79C00E7CA6E /* Foundation.framework in Frameworks */ = {isa = PBXBuildFile; fileRef = 3B73083B1923A79C00E7CA6E /* Foundation.framework */; };
		3B7308571923A79C00E7CA6E /* UIKit.framework in Frameworks */ = {isa = PBXBuildFile; fileRef = 3B73083F1923A79C00E7CA6E /* UIKit.framework */; };
		3B73085F1923A79C00E7CA6E /* InfoPlist.strings in Resources */ = {isa = PBXBuildFile; fileRef = 3B73085D1923A79C00E7CA6E /* InfoPlist.strings */; };
		3B7308611923A79C00E7CA6E /* UITabBarController_Demo_0514Tests.m in Sources */ = {isa = PBXBuildFile; fileRef = 3B7308601923A79C00E7CA6E /* UITabBarController_Demo_0514Tests.m */; };
		3B73086C1923A87E00E7CA6E /* HomeController.m in Sources */ = {isa = PBXBuildFile; fileRef = 3B73086B1923A87E00E7CA6E /* HomeController.m */; };
		3B73086F1923A88E00E7CA6E /* MessageController.m in Sources */ = {isa = PBXBuildFile; fileRef = 3B73086E1923A88E00E7CA6E /* MessageController.m */; };
		3B7308721923A8A200E7CA6E /* SearchController.m in Sources */ = {isa = PBXBuildFile; fileRef = 3B7308711923A8A200E7CA6E /* SearchController.m */; };
		3B7308751923A8B300E7CA6E /* SetController.m in Sources */ = {isa = PBXBuildFile; fileRef = 3B7308741923A8B300E7CA6E /* SetController.m */; };
/* End PBXBuildFile section */

/* Begin PBXContainerItemProxy section */
		3B7308581923A79C00E7CA6E /* PBXContainerItemProxy */ = {
			isa = PBXContainerItemProxy;
			containerPortal = 3B7308301923A79C00E7CA6E /* Project object */;
			proxyType = 1;
			remoteGlobalIDString = 3B7308371923A79C00E7CA6E;
			remoteInfo = UITabBarController_Demo_0514;
		};
/* End PBXContainerItemProxy section */

/* Begin PBXFileReference section */
		3B7308381923A79C00E7CA6E /* UITabBarController_Demo_0514.app */ = {isa = PBXFileReference; explicitFileType = wrapper.application; includeInIndex = 0; path = UITabBarController_Demo_0514.app; sourceTree = BUILT_PRODUCTS_DIR; };
		3B73083B1923A79C00E7CA6E /* Foundation.framework */ = {isa = PBXFileReference; lastKnownFileType = wrapper.framework; name = Foundation.framework; path = System/Library/Frameworks/Foundation.framework; sourceTree = SDKROOT; };
		3B73083D1923A79C00E7CA6E /* CoreGraphics.framework */ = {isa = PBXFileReference; lastKnownFileType = wrapper.framework; name = CoreGraphics.framework; path = System/Library/Frameworks/CoreGraphics.framework; sourceTree = SDKROOT; };
		3B73083F1923A79C00E7CA6E /* UIKit.framework */ = {isa = PBXFileReference; lastKnownFileType = wrapper.framework; name = UIKit.framework; path = System/Library/Frameworks/UIKit.framework; sourceTree = SDKROOT; };
		3B7308431923A79C00E7CA6E /* UITabBarController_Demo_0514-Info.plist */ = {isa = PBXFileReference; lastKnownFileType = text.plist.xml; path = "UITabBarController_Demo_0514-Info.plist"; sourceTree = "<group>"; };
		3B7308451923A79C00E7CA6E /* en */ = {isa = PBXFileReference; lastKnownFileType = text.plist.strings; name = en; path = en.lproj/InfoPlist.strings; sourceTree = "<group>"; };
		3B7308471923A79C00E7CA6E /* main.m */ = {isa = PBXFileReference; lastKnownFileType = sourcecode.c.objc; path = main.m; sourceTree = "<group>"; };
		3B7308491923A79C00E7CA6E /* UITabBarController_Demo_0514-Prefix.pch */ = {isa = PBXFileReference; lastKnownFileType = sourcecode.c.h; path = "UITabBarController_Demo_0514-Prefix.pch"; sourceTree = "<group>"; };
		3B73084A1923A79C00E7CA6E /* AppDelegate.h */ = {isa = PBXFileReference; lastKnownFileType = sourcecode.c.h; path = AppDelegate.h; sourceTree = "<group>"; };
		3B73084B1923A79C00E7CA6E /* AppDelegate.m */ = {isa = PBXFileReference; lastKnownFileType = sourcecode.c.objc; path = AppDelegate.m; sourceTree = "<group>"; };
		3B73084D1923A79C00E7CA6E /* Images.xcassets */ = {isa = PBXFileReference; lastKnownFileType = folder.assetcatalog; path = Images.xcassets; sourceTree = "<group>"; };
		3B7308531923A79C00E7CA6E /* UITabBarController_Demo_0514Tests.xctest */ = {isa = PBXFileReference; explicitFileType = wrapper.cfbundle; includeInIndex = 0; path = UITabBarController_Demo_0514Tests.xctest; sourceTree = BUILT_PRODUCTS_DIR; };
		3B7308541923A79C00E7CA6E /* XCTest.framework */ = {isa = PBXFileReference; lastKnownFileType = wrapper.framework; name = XCTest.framework; path = Library/Frameworks/XCTest.framework; sourceTree = DEVELOPER_DIR; };
		3B73085C1923A79C00E7CA6E /* UITabBarController_Demo_0514Tests-Info.plist */ = {isa = PBXFileReference; lastKnownFileType = text.plist.xml; path = "UITabBarController_Demo_0514Tests-Info.plist"; sourceTree = "<group>"; };
		3B73085E1923A79C00E7CA6E /* en */ = {isa = PBXFileReference; lastKnownFileType = text.plist.strings; name = en; path = en.lproj/InfoPlist.strings; sourceTree = "<group>"; };
		3B7308601923A79C00E7CA6E /* UITabBarController_Demo_0514Tests.m */ = {isa = PBXFileReference; lastKnownFileType = sourcecode.c.objc; path = UITabBarController_Demo_0514Tests.m; sourceTree = "<group>"; };
		3B73086A1923A87E00E7CA6E /* HomeController.h */ = {isa = PBXFileReference; fileEncoding = 4; lastKnownFileType = sourcecode.c.h; path = HomeController.h; sourceTree = "<group>"; };
		3B73086B1923A87E00E7CA6E /* HomeController.m */ = {isa = PBXFileReference; fileEncoding = 4; lastKnownFileType = sourcecode.c.objc; path = HomeController.m; sourceTree = "<group>"; };
		3B73086D1923A88E00E7CA6E /* MessageController.h */ = {isa = PBXFileReference; fileEncoding = 4; lastKnownFileType = sourcecode.c.h; path = MessageController.h; sourceTree = "<group>"; };
		3B73086E1923A88E00E7CA6E /* MessageController.m */ = {isa = PBXFileReference; fileEncoding = 4; lastKnownFileType = sourcecode.c.objc; path = MessageController.m; sourceTree = "<group>"; };
		3B7308701923A8A200E7CA6E /* SearchController.h */ = {isa = PBXFileReference; fileEncoding = 4; lastKnownFileType = sourcecode.c.h; path = SearchController.h; sourceTree = "<group>"; };
		3B7308711923A8A200E7CA6E /* SearchController.m */ = {isa = PBXFileReference; fileEncoding = 4; lastKnownFileType = sourcecode.c.objc; path = SearchController.m; sourceTree = "<group>"; };
		3B7308731923A8B300E7CA6E /* SetController.h */ = {isa = PBXFileReference; fileEncoding = 4; lastKnownFileType = sourcecode.c.h; path = SetController.h; sourceTree = "<group>"; };
		3B7308741923A8B300E7CA6E /* SetController.m */ = {isa = PBXFileReference; fileEncoding = 4; lastKnownFileType = sourcecode.c.objc; path = SetController.m; sourceTree = "<group>"; };
/* End PBXFileReference section */

/* Begin PBXFrameworksBuildPhase section */
		3B7308351923A79C00E7CA6E /* Frameworks */ = {
			isa = PBXFrameworksBuildPhase;
			buildActionMask = 2147483647;
			files = (
				3B73083E1923A79C00E7CA6E /* CoreGraphics.framework in Frameworks */,
				3B7308401923A79C00E7CA6E /* UIKit.framework in Frameworks */,
				3B73083C1923A79C00E7CA6E /* Foundation.framework in Frameworks */,
			);
			runOnlyForDeploymentPostprocessing = 0;
		};
		3B7308501923A79C00E7CA6E /* Frameworks */ = {
			isa = PBXFrameworksBuildPhase;
			buildActionMask = 2147483647;
			files = (
				3B7308551923A79C00E7CA6E /* XCTest.framework in Frameworks */,
				3B7308571923A79C00E7CA6E /* UIKit.framework in Frameworks */,
				3B7308561923A79C00E7CA6E /* Foundation.framework in Frameworks */,
			);
			runOnlyForDeploymentPostprocessing = 0;
		};
/* End PBXFrameworksBuildPhase section */

/* Begin PBXGroup section */
		3B73082F1923A79C00E7CA6E = {
			isa = PBXGroup;
			children = (
				3B7308411923A79C00E7CA6E /* UITabBarController_Demo_0514 */,
				3B73085A1923A79C00E7CA6E /* UITabBarController_Demo_0514Tests */,
				3B73083A1923A79C00E7CA6E /* Frameworks */,
				3B7308391923A79C00E7CA6E /* Products */,
			);
			sourceTree = "<group>";
		};
		3B7308391923A79C00E7CA6E /* Products */ = {
			isa = PBXGroup;
			children = (
				3B7308381923A79C00E7CA6E /* UITabBarController_Demo_0514.app */,
				3B7308531923A79C00E7CA6E /* UITabBarController_Demo_0514Tests.xctest */,
			);
			name = Products;
			sourceTree = "<group>";
		};
		3B73083A1923A79C00E7CA6E /* Frameworks */ = {
			isa = PBXGroup;
			children = (
				3B73083B1923A79C00E7CA6E /* Foundation.framework */,
				3B73083D1923A79C00E7CA6E /* CoreGraphics.framework */,
				3B73083F1923A79C00E7CA6E /* UIKit.framework */,
				3B7308541923A79C00E7CA6E /* XCTest.framework */,
			);
			name = Frameworks;
			sourceTree = "<group>";
		};
		3B7308411923A79C00E7CA6E /* UITabBarController_Demo_0514 */ = {
			isa = PBXGroup;
			children = (
				3B73084A1923A79C00E7CA6E /* AppDelegate.h */,
				3B73084B1923A79C00E7CA6E /* AppDelegate.m */,
				3B73086A1923A87E00E7CA6E /* HomeController.h */,
				3B73086B1923A87E00E7CA6E /* HomeController.m */,
				3B73086D1923A88E00E7CA6E /* MessageController.h */,
				3B73086E1923A88E00E7CA6E /* MessageController.m */,
				3B7308701923A8A200E7CA6E /* SearchController.h */,
				3B7308711923A8A200E7CA6E /* SearchController.m */,
				3B7308731923A8B300E7CA6E /* SetController.h */,
				3B7308741923A8B300E7CA6E /* SetController.m */,
				3B73084D1923A79C00E7CA6E /* Images.xcassets */,
				3B7308421923A79C00E7CA6E /* Supporting Files */,
			);
			path = UITabBarController_Demo_0514;
			sourceTree = "<group>";
		};
		3B7308421923A79C00E7CA6E /* Supporting Files */ = {
			isa = PBXGroup;
			children = (
				3B7308431923A79C00E7CA6E /* UITabBarController_Demo_0514-Info.plist */,
				3B7308441923A79C00E7CA6E /* InfoPlist.strings */,
				3B7308471923A79C00E7CA6E /* main.m */,
				3B7308491923A79C00E7CA6E /* UITabBarController_Demo_0514-Prefix.pch */,
			);
			name = "Supporting Files";
			sourceTree = "<group>";
		};
		3B73085A1923A79C00E7CA6E /* UITabBarController_Demo_0514Tests */ = {
			isa = PBXGroup;
			children = (
				3B7308601923A79C00E7CA6E /* UITabBarController_Demo_0514Tests.m */,
				3B73085B1923A79C00E7CA6E /* Supporting Files */,
			);
			path = UITabBarController_Demo_0514Tests;
			sourceTree = "<group>";
		};
		3B73085B1923A79C00E7CA6E /* Supporting Files */ = {
			isa = PBXGroup;
			children = (
				3B73085C1923A79C00E7CA6E /* UITabBarController_Demo_0514Tests-Info.plist */,
				3B73085D1923A79C00E7CA6E /* InfoPlist.strings */,
			);
			name = "Supporting Files";
			sourceTree = "<group>";
		};
/* End PBXGroup section */

/* Begin PBXNativeTarget section */
		3B7308371923A79C00E7CA6E /* UITabBarController_Demo_0514 */ = {
			isa = PBXNativeTarget;
			buildConfigurationList = 3B7308641923A79C00E7CA6E /* Build configuration list for PBXNativeTarget "UITabBarController_Demo_0514" */;
			buildPhases = (
				3B7308341923A79C00E7CA6E /* Sources */,
				3B7308351923A79C00E7CA6E /* Frameworks */,
				3B7308361923A79C00E7CA6E /* Resources */,
			);
			buildRules = (
			);
			dependencies = (
			);
			name = UITabBarController_Demo_0514;
			productName = UITabBarController_Demo_0514;
			productReference = 3B7308381923A79C00E7CA6E /* UITabBarController_Demo_0514.app */;
			productType = "com.apple.product-type.application";
		};
		3B7308521923A79C00E7CA6E /* UITabBarController_Demo_0514Tests */ = {
			isa = PBXNativeTarget;
			buildConfigurationList = 3B7308671923A79C00E7CA6E /* Build configuration list for PBXNativeTarget "UITabBarController_Demo_0514Tests" */;
			buildPhases = (
				3B73084F1923A79C00E7CA6E /* Sources */,
				3B7308501923A79C00E7CA6E /* Frameworks */,
				3B7308511923A79C00E7CA6E /* Resources */,
			);
			buildRules = (
			);
			dependencies = (
				3B7308591923A79C00E7CA6E /* PBXTargetDependency */,
			);
			name = UITabBarController_Demo_0514Tests;
			productName = UITabBarController_Demo_0514Tests;
			productReference = 3B7308531923A79C00E7CA6E /* UITabBarController_Demo_0514Tests.xctest */;
			productType = "com.apple.product-type.bundle.unit-test";
		};
/* End PBXNativeTarget section */

/* Begin PBXProject section */
		3B7308301923A79C00E7CA6E /* Project object */ = {
			isa = PBXProject;
			attributes = {
				LastUpgradeCheck = 0510;
				ORGANIZATIONNAME = "pan dabo";
				TargetAttributes = {
					3B7308521923A79C00E7CA6E = {
						TestTargetID = 3B7308371923A79C00E7CA6E;
					};
				};
			};
			buildConfigurationList = 3B7308331923A79C00E7CA6E /* Build configuration list for PBXProject "UITabBarController_Demo_0514" */;
			compatibilityVersion = "Xcode 3.2";
			developmentRegion = English;
			hasScannedForEncodings = 0;
			knownRegions = (
				en,
			);
			mainGroup = 3B73082F1923A79C00E7CA6E;
			productRefGroup = 3B7308391923A79C00E7CA6E /* Products */;
			projectDirPath = "";
			projectRoot = "";
			targets = (
				3B7308371923A79C00E7CA6E /* UITabBarController_Demo_0514 */,
				3B7308521923A79C00E7CA6E /* UITabBarController_Demo_0514Tests */,
			);
		};
/* End PBXProject section */

/* Begin PBXResourcesBuildPhase section */
		3B7308361923A79C00E7CA6E /* Resources */ = {
			isa = PBXResourcesBuildPhase;
			buildActionMask = 2147483647;
			files = (
				3B7308461923A79C00E7CA6E /* InfoPlist.strings in Resources */,
				3B73084E1923A79C00E7CA6E /* Images.xcassets in Resources */,
			);
			runOnlyForDeploymentPostprocessing = 0;
		};
		3B7308511923A79C00E7CA6E /* Resources */ = {
			isa = PBXResourcesBuildPhase;
			buildActionMask = 2147483647;
			files = (
				3B73085F1923A79C00E7CA6E /* InfoPlist.strings in Resources */,
			);
			runOnlyForDeploymentPostprocessing = 0;
		};
/* End PBXResourcesBuildPhase section */

/* Begin PBXSourcesBuildPhase section */
		3B7308341923A79C00E7CA6E /* Sources */ = {
			isa = PBXSourcesBuildPhase;
			buildActionMask = 2147483647;
			files = (
				3B73084C1923A79C00E7CA6E /* AppDelegate.m in Sources */,
				3B73086C1923A87E00E7CA6E /* HomeController.m in Sources */,
				3B7308751923A8B300E7CA6E /* SetController.m in Sources */,
				3B7308481923A79C00E7CA6E /* main.m in Sources */,
				3B73086F1923A88E00E7CA6E /* MessageController.m in Sources */,
				3B7308721923A8A200E7CA6E /* SearchController.m in Sources */,
			);
			runOnlyForDeploymentPostprocessing = 0;
		};
		3B73084F1923A79C00E7CA6E /* Sources */ = {
			isa = PBXSourcesBuildPhase;
			buildActionMask = 2147483647;
			files = (
				3B7308611923A79C00E7CA6E /* UITabBarController_Demo_0514Tests.m in Sources */,
			);
			runOnlyForDeploymentPostprocessing = 0;
		};
/* End PBXSourcesBuildPhase section */

/* Begin PBXTargetDependency section */
		3B7308591923A79C00E7CA6E /* PBXTargetDependency */ = {
			isa = PBXTargetDependency;
			target = 3B7308371923A79C00E7CA6E /* UITabBarController_Demo_0514 */;
			targetProxy = 3B7308581923A79C00E7CA6E /* PBXContainerItemProxy */;
		};
/* End PBXTargetDependency section */

/* Begin PBXVariantGroup section */
		3B7308441923A79C00E7CA6E /* InfoPlist.strings */ = {
			isa = PBXVariantGroup;
			children = (
				3B7308451923A79C00E7CA6E /* en */,
			);
			name = InfoPlist.strings;
			sourceTree = "<group>";
		};
		3B73085D1923A79C00E7CA6E /* InfoPlist.strings */ = {
			isa = PBXVariantGroup;
			children = (
				3B73085E1923A79C00E7CA6E /* en */,
			);
			name = InfoPlist.strings;
			sourceTree = "<group>";
		};
/* End PBXVariantGroup section */

/* Begin XCBuildConfiguration section */
		3B7308621923A79C00E7CA6E /* Debug */ = {
			isa = XCBuildConfiguration;
			buildSettings = {
				ALWAYS_SEARCH_USER_PATHS = NO;
				CLANG_CXX_LANGUAGE_STANDARD = "gnu++0x";
				CLANG_CXX_LIBRARY = "libc++";
				CLANG_ENABLE_MODULES = YES;
				CLANG_ENABLE_OBJC_ARC = NO;
				CLANG_WARN_BOOL_CONVERSION = YES;
				CLANG_WARN_CONSTANT_CONVERSION = YES;
				CLANG_WARN_DIRECT_OBJC_ISA_USAGE = YES_ERROR;
				CLANG_WARN_EMPTY_BODY = YES;
				CLANG_WARN_ENUM_CONVERSION = YES;
				CLANG_WARN_INT_CONVERSION = YES;
				CLANG_WARN_OBJC_ROOT_CLASS = YES_ERROR;
				CLANG_WARN__DUPLICATE_METHOD_MATCH = YES;
				"CODE_SIGN_IDENTITY[sdk=iphoneos*]" = "iPhone Developer";
				COPY_PHASE_STRIP = NO;
				GCC_C_LANGUAGE_STANDARD = gnu99;
				GCC_DYNAMIC_NO_PIC = NO;
				GCC_OPTIMIZATION_LEVEL = 0;
				GCC_PREPROCESSOR_DEFINITIONS = (
					"DEBUG=1",
					"$(inherited)",
				);
				GCC_SYMBOLS_PRIVATE_EXTERN = NO;
				GCC_WARN_64_TO_32_BIT_CONVERSION = YES;
				GCC_WARN_ABOUT_RETURN_TYPE = YES_ERROR;
				GCC_WARN_UNDECLARED_SELECTOR = YES;
				GCC_WARN_UNINITIALIZED_AUTOS = YES_AGGRESSIVE;
				GCC_WARN_UNUSED_FUNCTION = YES;
				GCC_WARN_UNUSED_VARIABLE = YES;
				IPHONEOS_DEPLOYMENT_TARGET = 4.3;
				ONLY_ACTIVE_ARCH = YES;
				SDKROOT = iphoneos;
			};
			name = Debug;
		};
		3B7308631923A79C00E7CA6E /* Release */ = {
			isa = XCBuildConfiguration;
			buildSettings = {
				ALWAYS_SEARCH_USER_PATHS = NO;
				CLANG_CXX_LANGUAGE_STANDARD = "gnu++0x";
				CLANG_CXX_LIBRARY = "libc++";
				CLANG_ENABLE_MODULES = YES;
				CLANG_ENABLE_OBJC_ARC = NO;
				CLANG_WARN_BOOL_CONVERSION = YES;
				CLANG_WARN_CONSTANT_CONVERSION = YES;
				CLANG_WARN_DIRECT_OBJC_ISA_USAGE = YES_ERROR;
				CLANG_WARN_EMPTY_BODY = YES;
				CLANG_WARN_ENUM_CONVERSION = YES;
				CLANG_WARN_INT_CONVERSION = YES;
				CLANG_WARN_OBJC_ROOT_CLASS = YES_ERROR;
				CLANG_WARN__DUPLICATE_METHOD_MATCH = YES;
				"CODE_SIGN_IDENTITY[sdk=iphoneos*]" = "iPhone Developer";
				COPY_PHASE_STRIP = YES;
				ENABLE_NS_ASSERTIONS = NO;
				GCC_C_LANGUAGE_STANDARD = gnu99;
				GCC_WARN_64_TO_32_BIT_CONVERSION = YES;
				GCC_WARN_ABOUT_RETURN_TYPE = YES_ERROR;
				GCC_WARN_UNDECLARED_SELECTOR = YES;
				GCC_WARN_UNINITIALIZED_AUTOS = YES_AGGRESSIVE;
				GCC_WARN_UNUSED_FUNCTION = YES;
				GCC_WARN_UNUSED_VARIABLE = YES;
				IPHONEOS_DEPLOYMENT_TARGET = 4.3;
				SDKROOT = iphoneos;
				VALIDATE_PRODUCT = YES;
			};
			name = Release;
		};
		3B7308651923A79C00E7CA6E /* Debug */ = {
			isa = XCBuildConfiguration;
			buildSettings = {
				ASSETCATALOG_COMPILER_APPICON_NAME = AppIcon;
				ASSETCATALOG_COMPILER_LAUNCHIMAGE_NAME = LaunchImage;
				GCC_PRECOMPILE_PREFIX_HEADER = YES;
				GCC_PREFIX_HEADER = "UITabBarController_Demo_0514/UITabBarController_Demo_0514-Prefix.pch";
				INFOPLIST_FILE = "UITabBarController_Demo_0514/UITabBarController_Demo_0514-Info.plist";
				PRODUCT_NAME = "$(TARGET_NAME)";
				WRAPPER_EXTENSION = app;
			};
			name = Debug;
		};
		3B7308661923A79C00E7CA6E /* Release */ = {
			isa = XCBuildConfiguration;
			buildSettings = {
				ASSETCATALOG_COMPILER_APPICON_NAME = AppIcon;
				ASSETCATALOG_COMPILER_LAUNCHIMAGE_NAME = LaunchImage;
				GCC_PRECOMPILE_PREFIX_HEADER = YES;
				GCC_PREFIX_HEADER = "UITabBarController_Demo_0514/UITabBarController_Demo_0514-Prefix.pch";
				INFOPLIST_FILE = "UITabBarController_Demo_0514/UITabBarController_Demo_0514-Info.plist";
				PRODUCT_NAME = "$(TARGET_NAME)";
				WRAPPER_EXTENSION = app;
			};
			name = Release;
		};
		3B7308681923A79C00E7CA6E /* Debug */ = {
			isa = XCBuildConfiguration;
			buildSettings = {
				BUNDLE_LOADER = "$(BUILT_PRODUCTS_DIR)/UITabBarController_Demo_0514.app/UITabBarController_Demo_0514";
				FRAMEWORK_SEARCH_PATHS = (
					"$(SDKROOT)/Developer/Library/Frameworks",
					"$(inherited)",
					"$(DEVELOPER_FRAMEWORKS_DIR)",
				);
				GCC_PRECOMPILE_PREFIX_HEADER = YES;
				GCC_PREFIX_HEADER = "UITabBarController_Demo_0514/UITabBarController_Demo_0514-Prefix.pch";
				GCC_PREPROCESSOR_DEFINITIONS = (
					"DEBUG=1",
					"$(inherited)",
				);
				INFOPLIST_FILE = "UITabBarController_Demo_0514Tests/UITabBarController_Demo_0514Tests-Info.plist";
				PRODUCT_NAME = "$(TARGET_NAME)";
				TEST_HOST = "$(BUNDLE_LOADER)";
				WRAPPER_EXTENSION = xctest;
			};
			name = Debug;
		};
		3B7308691923A79C00E7CA6E /* Release */ = {
			isa = XCBuildConfiguration;
			buildSettings = {
				BUNDLE_LOADER = "$(BUILT_PRODUCTS_DIR)/UITabBarController_Demo_0514.app/UITabBarController_Demo_0514";
				FRAMEWORK_SEARCH_PATHS = (
					"$(SDKROOT)/Developer/Library/Frameworks",
					"$(inherited)",
					"$(DEVELOPER_FRAMEWORKS_DIR)",
				);
				GCC_PRECOMPILE_PREFIX_HEADER = YES;
				GCC_PREFIX_HEADER = "UITabBarController_Demo_0514/UITabBarController_Demo_0514-Prefix.pch";
				INFOPLIST_FILE = "UITabBarController_Demo_0514Tests/UITabBarController_Demo_0514Tests-Info.plist";
				PRODUCT_NAME = "$(TARGET_NAME)";
				TEST_HOST = "$(BUNDLE_LOADER)";
				WRAPPER_EXTENSION = xctest;
			};
			name = Release;
		};
/* End XCBuildConfiguration section */

/* Begin XCConfigurationList section */
		3B7308331923A79C00E7CA6E /* Build configuration list for PBXProject "UITabBarController_Demo_0514" */ = {
			isa = XCConfigurationList;
			buildConfigurations = (
				3B7308621923A79C00E7CA6E /* Debug */,
				3B7308631923A79C00E7CA6E /* Release */,
			);
			defaultConfigurationIsVisible = 0;
			defaultConfigurationName = Release;
		};
		3B7308641923A79C00E7CA6E /* Build configuration list for PBXNativeTarget "UITabBarController_Demo_0514" */ = {
			isa = XCConfigurationList;
			buildConfigurations = (
				3B7308651923A79C00E7CA6E /* Debug */,
				3B7308661923A79C00E7CA6E /* Release */,
			);
			defaultConfigurationIsVisible = 0;
			defaultConfigurationName = Release;
		};
		3B7308671923A79C00E7CA6E /* Build configuration list for PBXNativeTarget "UITabBarController_Demo_0514Tests" */ = {
			isa = XCConfigurationList;
			buildConfigurations = (
				3B7308681923A79C00E7CA6E /* Debug */,
				3B7308691923A79C00E7CA6E /* Release */,
			);
			defaultConfigurationIsVisible = 0;
			defaultConfigurationName = Release;
		};
/* End XCConfigurationList section */
	};
	rootObject = 3B7308301923A79C00E7CA6E /* Project object */;
}
