// !$*UTF8*$!
{
	archiveVersion = 1;
	classes = {
	};
	objectVersion = 46;
	objects = {

/* Begin PBXBuildFile section */
		3BE0A70B1909562200950F01 /* Foundation.framework in Frameworks */ = {isa = PBXBuildFile; fileRef = 3BE0A70A1909562200950F01 /* Foundation.framework */; };
		3BE0A70D1909562200950F01 /* CoreGraphics.framework in Frameworks */ = {isa = PBXBuildFile; fileRef = 3BE0A70C1909562200950F01 /* CoreGraphics.framework */; };
		3BE0A70F1909562200950F01 /* UIKit.framework in Frameworks */ = {isa = PBXBuildFile; fileRef = 3BE0A70E1909562200950F01 /* UIKit.framework */; };
		3BE0A7151909562200950F01 /* InfoPlist.strings in Resources */ = {isa = PBXBuildFile; fileRef = 3BE0A7131909562200950F01 /* InfoPlist.strings */; };
		3BE0A7171909562200950F01 /* main.m in Sources */ = {isa = PBXBuildFile; fileRef = 3BE0A7161909562200950F01 /* main.m */; };
		3BE0A71B1909562200950F01 /* AppDelegate.m in Sources */ = {isa = PBXBuildFile; fileRef = 3BE0A71A1909562200950F01 /* AppDelegate.m */; };
		3BE0A71D1909562200950F01 /* Images.xcassets in Resources */ = {isa = PBXBuildFile; fileRef = 3BE0A71C1909562200950F01 /* Images.xcassets */; };
		3BE0A7241909562300950F01 /* XCTest.framework in Frameworks */ = {isa = PBXBuildFile; fileRef = 3BE0A7231909562300950F01 /* XCTest.framework */; };
		3BE0A7251909562300950F01 /* Foundation.framework in Frameworks */ = {isa = PBXBuildFile; fileRef = 3BE0A70A1909562200950F01 /* Foundation.framework */; };
		3BE0A7261909562300950F01 /* UIKit.framework in Frameworks */ = {isa = PBXBuildFile; fileRef = 3BE0A70E1909562200950F01 /* UIKit.framework */; };
		3BE0A72E1909562300950F01 /* InfoPlist.strings in Resources */ = {isa = PBXBuildFile; fileRef = 3BE0A72C1909562300950F01 /* InfoPlist.strings */; };
		3BE0A7301909562300950F01 /* UILabel_Demo_0424Tests.m in Sources */ = {isa = PBXBuildFile; fileRef = 3BE0A72F1909562300950F01 /* UILabel_Demo_0424Tests.m */; };
/* End PBXBuildFile section */

/* Begin PBXContainerItemProxy section */
		3BE0A7271909562300950F01 /* PBXContainerItemProxy */ = {
			isa = PBXContainerItemProxy;
			containerPortal = 3BE0A6FF1909562200950F01 /* Project object */;
			proxyType = 1;
			remoteGlobalIDString = 3BE0A7061909562200950F01;
			remoteInfo = UILabel_Demo_0424;
		};
/* End PBXContainerItemProxy section */

/* Begin PBXFileReference section */
		3BE0A7071909562200950F01 /* UILabel_Demo_0424.app */ = {isa = PBXFileReference; explicitFileType = wrapper.application; includeInIndex = 0; path = UILabel_Demo_0424.app; sourceTree = BUILT_PRODUCTS_DIR; };
		3BE0A70A1909562200950F01 /* Foundation.framework */ = {isa = PBXFileReference; lastKnownFileType = wrapper.framework; name = Foundation.framework; path = System/Library/Frameworks/Foundation.framework; sourceTree = SDKROOT; };
		3BE0A70C1909562200950F01 /* CoreGraphics.framework */ = {isa = PBXFileReference; lastKnownFileType = wrapper.framework; name = CoreGraphics.framework; path = System/Library/Frameworks/CoreGraphics.framework; sourceTree = SDKROOT; };
		3BE0A70E1909562200950F01 /* UIKit.framework */ = {isa = PBXFileReference; lastKnownFileType = wrapper.framework; name = UIKit.framework; path = System/Library/Frameworks/UIKit.framework; sourceTree = SDKROOT; };
		3BE0A7121909562200950F01 /* UILabel_Demo_0424-Info.plist */ = {isa = PBXFileReference; lastKnownFileType = text.plist.xml; path = "UILabel_Demo_0424-Info.plist"; sourceTree = "<group>"; };
		3BE0A7141909562200950F01 /* en */ = {isa = PBXFileReference; lastKnownFileType = text.plist.strings; name = en; path = en.lproj/InfoPlist.strings; sourceTree = "<group>"; };
		3BE0A7161909562200950F01 /* main.m */ = {isa = PBXFileReference; lastKnownFileType = sourcecode.c.objc; path = main.m; sourceTree = "<group>"; };
		3BE0A7181909562200950F01 /* UILabel_Demo_0424-Prefix.pch */ = {isa = PBXFileReference; lastKnownFileType = sourcecode.c.h; path = "UILabel_Demo_0424-Prefix.pch"; sourceTree = "<group>"; };
		3BE0A7191909562200950F01 /* AppDelegate.h */ = {isa = PBXFileReference; lastKnownFileType = sourcecode.c.h; path = AppDelegate.h; sourceTree = "<group>"; };
		3BE0A71A1909562200950F01 /* AppDelegate.m */ = {isa = PBXFileReference; lastKnownFileType = sourcecode.c.objc; path = AppDelegate.m; sourceTree = "<group>"; };
		3BE0A71C1909562200950F01 /* Images.xcassets */ = {isa = PBXFileReference; lastKnownFileType = folder.assetcatalog; path = Images.xcassets; sourceTree = "<group>"; };
		3BE0A7221909562300950F01 /* UILabel_Demo_0424Tests.xctest */ = {isa = PBXFileReference; explicitFileType = wrapper.cfbundle; includeInIndex = 0; path = UILabel_Demo_0424Tests.xctest; sourceTree = BUILT_PRODUCTS_DIR; };
		3BE0A7231909562300950F01 /* XCTest.framework */ = {isa = PBXFileReference; lastKnownFileType = wrapper.framework; name = XCTest.framework; path = Library/Frameworks/XCTest.framework; sourceTree = DEVELOPER_DIR; };
		3BE0A72B1909562300950F01 /* UILabel_Demo_0424Tests-Info.plist */ = {isa = PBXFileReference; lastKnownFileType = text.plist.xml; path = "UILabel_Demo_0424Tests-Info.plist"; sourceTree = "<group>"; };
		3BE0A72D1909562300950F01 /* en */ = {isa = PBXFileReference; lastKnownFileType = text.plist.strings; name = en; path = en.lproj/InfoPlist.strings; sourceTree = "<group>"; };
		3BE0A72F1909562300950F01 /* UILabel_Demo_0424Tests.m */ = {isa = PBXFileReference; lastKnownFileType = sourcecode.c.objc; path = UILabel_Demo_0424Tests.m; sourceTree = "<group>"; };
/* End PBXFileReference section */

/* Begin PBXFrameworksBuildPhase section */
		3BE0A7041909562200950F01 /* Frameworks */ = {
			isa = PBXFrameworksBuildPhase;
			buildActionMask = 2147483647;
			files = (
				3BE0A70D1909562200950F01 /* CoreGraphics.framework in Frameworks */,
				3BE0A70F1909562200950F01 /* UIKit.framework in Frameworks */,
				3BE0A70B1909562200950F01 /* Foundation.framework in Frameworks */,
			);
			runOnlyForDeploymentPostprocessing = 0;
		};
		3BE0A71F1909562300950F01 /* Frameworks */ = {
			isa = PBXFrameworksBuildPhase;
			buildActionMask = 2147483647;
			files = (
				3BE0A7241909562300950F01 /* XCTest.framework in Frameworks */,
				3BE0A7261909562300950F01 /* UIKit.framework in Frameworks */,
				3BE0A7251909562300950F01 /* Foundation.framework in Frameworks */,
			);
			runOnlyForDeploymentPostprocessing = 0;
		};
/* End PBXFrameworksBuildPhase section */

/* Begin PBXGroup section */
		3BE0A6FE1909562200950F01 = {
			isa = PBXGroup;
			children = (
				3BE0A7101909562200950F01 /* UILabel_Demo_0424 */,
				3BE0A7291909562300950F01 /* UILabel_Demo_0424Tests */,
				3BE0A7091909562200950F01 /* Frameworks */,
				3BE0A7081909562200950F01 /* Products */,
			);
			sourceTree = "<group>";
		};
		3BE0A7081909562200950F01 /* Products */ = {
			isa = PBXGroup;
			children = (
				3BE0A7071909562200950F01 /* UILabel_Demo_0424.app */,
				3BE0A7221909562300950F01 /* UILabel_Demo_0424Tests.xctest */,
			);
			name = Products;
			sourceTree = "<group>";
		};
		3BE0A7091909562200950F01 /* Frameworks */ = {
			isa = PBXGroup;
			children = (
				3BE0A70A1909562200950F01 /* Foundation.framework */,
				3BE0A70C1909562200950F01 /* CoreGraphics.framework */,
				3BE0A70E1909562200950F01 /* UIKit.framework */,
				3BE0A7231909562300950F01 /* XCTest.framework */,
			);
			name = Frameworks;
			sourceTree = "<group>";
		};
		3BE0A7101909562200950F01 /* UILabel_Demo_0424 */ = {
			isa = PBXGroup;
			children = (
				3BE0A7191909562200950F01 /* AppDelegate.h */,
				3BE0A71A1909562200950F01 /* AppDelegate.m */,
				3BE0A71C1909562200950F01 /* Images.xcassets */,
				3BE0A7111909562200950F01 /* Supporting Files */,
			);
			path = UILabel_Demo_0424;
			sourceTree = "<group>";
		};
		3BE0A7111909562200950F01 /* Supporting Files */ = {
			isa = PBXGroup;
			children = (
				3BE0A7121909562200950F01 /* UILabel_Demo_0424-Info.plist */,
				3BE0A7131909562200950F01 /* InfoPlist.strings */,
				3BE0A7161909562200950F01 /* main.m */,
				3BE0A7181909562200950F01 /* UILabel_Demo_0424-Prefix.pch */,
			);
			name = "Supporting Files";
			sourceTree = "<group>";
		};
		3BE0A7291909562300950F01 /* UILabel_Demo_0424Tests */ = {
			isa = PBXGroup;
			children = (
				3BE0A72F1909562300950F01 /* UILabel_Demo_0424Tests.m */,
				3BE0A72A1909562300950F01 /* Supporting Files */,
			);
			path = UILabel_Demo_0424Tests;
			sourceTree = "<group>";
		};
		3BE0A72A1909562300950F01 /* Supporting Files */ = {
			isa = PBXGroup;
			children = (
				3BE0A72B1909562300950F01 /* UILabel_Demo_0424Tests-Info.plist */,
				3BE0A72C1909562300950F01 /* InfoPlist.strings */,
			);
			name = "Supporting Files";
			sourceTree = "<group>";
		};
/* End PBXGroup section */

/* Begin PBXNativeTarget section */
		3BE0A7061909562200950F01 /* UILabel_Demo_0424 */ = {
			isa = PBXNativeTarget;
			buildConfigurationList = 3BE0A7331909562300950F01 /* Build configuration list for PBXNativeTarget "UILabel_Demo_0424" */;
			buildPhases = (
				3BE0A7031909562200950F01 /* Sources */,
				3BE0A7041909562200950F01 /* Frameworks */,
				3BE0A7051909562200950F01 /* Resources */,
			);
			buildRules = (
			);
			dependencies = (
			);
			name = UILabel_Demo_0424;
			productName = UILabel_Demo_0424;
			productReference = 3BE0A7071909562200950F01 /* UILabel_Demo_0424.app */;
			productType = "com.apple.product-type.application";
		};
		3BE0A7211909562300950F01 /* UILabel_Demo_0424Tests */ = {
			isa = PBXNativeTarget;
			buildConfigurationList = 3BE0A7361909562300950F01 /* Build configuration list for PBXNativeTarget "UILabel_Demo_0424Tests" */;
			buildPhases = (
				3BE0A71E1909562300950F01 /* Sources */,
				3BE0A71F1909562300950F01 /* Frameworks */,
				3BE0A7201909562300950F01 /* Resources */,
			);
			buildRules = (
			);
			dependencies = (
				3BE0A7281909562300950F01 /* PBXTargetDependency */,
			);
			name = UILabel_Demo_0424Tests;
			productName = UILabel_Demo_0424Tests;
			productReference = 3BE0A7221909562300950F01 /* UILabel_Demo_0424Tests.xctest */;
			productType = "com.apple.product-type.bundle.unit-test";
		};
/* End PBXNativeTarget section */

/* Begin PBXProject section */
		3BE0A6FF1909562200950F01 /* Project object */ = {
			isa = PBXProject;
			attributes = {
				LastUpgradeCheck = 0510;
				ORGANIZATIONNAME = "pan dabo";
				TargetAttributes = {
					3BE0A7211909562300950F01 = {
						TestTargetID = 3BE0A7061909562200950F01;
					};
				};
			};
			buildConfigurationList = 3BE0A7021909562200950F01 /* Build configuration list for PBXProject "UILabel_Demo_0424" */;
			compatibilityVersion = "Xcode 3.2";
			developmentRegion = English;
			hasScannedForEncodings = 0;
			knownRegions = (
				en,
			);
			mainGroup = 3BE0A6FE1909562200950F01;
			productRefGroup = 3BE0A7081909562200950F01 /* Products */;
			projectDirPath = "";
			projectRoot = "";
			targets = (
				3BE0A7061909562200950F01 /* UILabel_Demo_0424 */,
				3BE0A7211909562300950F01 /* UILabel_Demo_0424Tests */,
			);
		};
/* End PBXProject section */

/* Begin PBXResourcesBuildPhase section */
		3BE0A7051909562200950F01 /* Resources */ = {
			isa = PBXResourcesBuildPhase;
			buildActionMask = 2147483647;
			files = (
				3BE0A7151909562200950F01 /* InfoPlist.strings in Resources */,
				3BE0A71D1909562200950F01 /* Images.xcassets in Resources */,
			);
			runOnlyForDeploymentPostprocessing = 0;
		};
		3BE0A7201909562300950F01 /* Resources */ = {
			isa = PBXResourcesBuildPhase;
			buildActionMask = 2147483647;
			files = (
				3BE0A72E1909562300950F01 /* InfoPlist.strings in Resources */,
			);
			runOnlyForDeploymentPostprocessing = 0;
		};
/* End PBXResourcesBuildPhase section */

/* Begin PBXSourcesBuildPhase section */
		3BE0A7031909562200950F01 /* Sources */ = {
			isa = PBXSourcesBuildPhase;
			buildActionMask = 2147483647;
			files = (
				3BE0A71B1909562200950F01 /* AppDelegate.m in Sources */,
				3BE0A7171909562200950F01 /* main.m in Sources */,
			);
			runOnlyForDeploymentPostprocessing = 0;
		};
		3BE0A71E1909562300950F01 /* Sources */ = {
			isa = PBXSourcesBuildPhase;
			buildActionMask = 2147483647;
			files = (
				3BE0A7301909562300950F01 /* UILabel_Demo_0424Tests.m in Sources */,
			);
			runOnlyForDeploymentPostprocessing = 0;
		};
/* End PBXSourcesBuildPhase section */

/* Begin PBXTargetDependency section */
		3BE0A7281909562300950F01 /* PBXTargetDependency */ = {
			isa = PBXTargetDependency;
			target = 3BE0A7061909562200950F01 /* UILabel_Demo_0424 */;
			targetProxy = 3BE0A7271909562300950F01 /* PBXContainerItemProxy */;
		};
/* End PBXTargetDependency section */

/* Begin PBXVariantGroup section */
		3BE0A7131909562200950F01 /* InfoPlist.strings */ = {
			isa = PBXVariantGroup;
			children = (
				3BE0A7141909562200950F01 /* en */,
			);
			name = InfoPlist.strings;
			sourceTree = "<group>";
		};
		3BE0A72C1909562300950F01 /* InfoPlist.strings */ = {
			isa = PBXVariantGroup;
			children = (
				3BE0A72D1909562300950F01 /* en */,
			);
			name = InfoPlist.strings;
			sourceTree = "<group>";
		};
/* End PBXVariantGroup section */

/* Begin XCBuildConfiguration section */
		3BE0A7311909562300950F01 /* Debug */ = {
			isa = XCBuildConfiguration;
			buildSettings = {
				ALWAYS_SEARCH_USER_PATHS = NO;
				CLANG_CXX_LANGUAGE_STANDARD = "gnu++0x";
				CLANG_CXX_LIBRARY = "libc++";
				CLANG_ENABLE_MODULES = YES;
				CLANG_ENABLE_OBJC_ARC = YES;
				CLANG_WARN_BOOL_CONVERSION = YES;
				CLANG_WARN_CONSTANT_CONVERSION = YES;
				CLANG_WARN_DIRECT_OBJC_ISA_USAGE = YES_ERROR;
				CLANG_WARN_EMPTY_BODY = YES;
				CLANG_WARN_ENUM_CONVERSION = YES;
				CLANG_WARN_INT_CONVERSION = YES;
				CLANG_WARN_OBJC_ROOT_CLASS = YES_ERROR;
				CLANG_WARN__DUPLICATE_METHOD_MATCH = YES;
				"CODE_SIGN_IDENTITY[sdk=iphoneos*]" = "iPhone Developer";
				COPY_PHASE_STRIP = NO;
				GCC_C_LANGUAGE_STANDARD = gnu99;
				GCC_DYNAMIC_NO_PIC = NO;
				GCC_OPTIMIZATION_LEVEL = 0;
				GCC_PREPROCESSOR_DEFINITIONS = (
					"DEBUG=1",
					"$(inherited)",
				);
				GCC_SYMBOLS_PRIVATE_EXTERN = NO;
				GCC_WARN_64_TO_32_BIT_CONVERSION = YES;
				GCC_WARN_ABOUT_RETURN_TYPE = YES_ERROR;
				GCC_WARN_UNDECLARED_SELECTOR = YES;
				GCC_WARN_UNINITIALIZED_AUTOS = YES_AGGRESSIVE;
				GCC_WARN_UNUSED_FUNCTION = YES;
				GCC_WARN_UNUSED_VARIABLE = YES;
				IPHONEOS_DEPLOYMENT_TARGET = 7.1;
				ONLY_ACTIVE_ARCH = YES;
				SDKROOT = iphoneos;
			};
			name = Debug;
		};
		3BE0A7321909562300950F01 /* Release */ = {
			isa = XCBuildConfiguration;
			buildSettings = {
				ALWAYS_SEARCH_USER_PATHS = NO;
				CLANG_CXX_LANGUAGE_STANDARD = "gnu++0x";
				CLANG_CXX_LIBRARY = "libc++";
				CLANG_ENABLE_MODULES = YES;
				CLANG_ENABLE_OBJC_ARC = YES;
				CLANG_WARN_BOOL_CONVERSION = YES;
				CLANG_WARN_CONSTANT_CONVERSION = YES;
				CLANG_WARN_DIRECT_OBJC_ISA_USAGE = YES_ERROR;
				CLANG_WARN_EMPTY_BODY = YES;
				CLANG_WARN_ENUM_CONVERSION = YES;
				CLANG_WARN_INT_CONVERSION = YES;
				CLANG_WARN_OBJC_ROOT_CLASS = YES_ERROR;
				CLANG_WARN__DUPLICATE_METHOD_MATCH = YES;
				"CODE_SIGN_IDENTITY[sdk=iphoneos*]" = "iPhone Developer";
				COPY_PHASE_STRIP = YES;
				ENABLE_NS_ASSERTIONS = NO;
				GCC_C_LANGUAGE_STANDARD = gnu99;
				GCC_WARN_64_TO_32_BIT_CONVERSION = YES;
				GCC_WARN_ABOUT_RETURN_TYPE = YES_ERROR;
				GCC_WARN_UNDECLARED_SELECTOR = YES;
				GCC_WARN_UNINITIALIZED_AUTOS = YES_AGGRESSIVE;
				GCC_WARN_UNUSED_FUNCTION = YES;
				GCC_WARN_UNUSED_VARIABLE = YES;
				IPHONEOS_DEPLOYMENT_TARGET = 7.1;
				SDKROOT = iphoneos;
				VALIDATE_PRODUCT = YES;
			};
			name = Release;
		};
		3BE0A7341909562300950F01 /* Debug */ = {
			isa = XCBuildConfiguration;
			buildSettings = {
				ASSETCATALOG_COMPILER_APPICON_NAME = AppIcon;
				ASSETCATALOG_COMPILER_LAUNCHIMAGE_NAME = LaunchImage;
				GCC_PRECOMPILE_PREFIX_HEADER = YES;
				GCC_PREFIX_HEADER = "UILabel_Demo_0424/UILabel_Demo_0424-Prefix.pch";
				INFOPLIST_FILE = "UILabel_Demo_0424/UILabel_Demo_0424-Info.plist";
				PRODUCT_NAME = "$(TARGET_NAME)";
				WRAPPER_EXTENSION = app;
			};
			name = Debug;
		};
		3BE0A7351909562300950F01 /* Release */ = {
			isa = XCBuildConfiguration;
			buildSettings = {
				ASSETCATALOG_COMPILER_APPICON_NAME = AppIcon;
				ASSETCATALOG_COMPILER_LAUNCHIMAGE_NAME = LaunchImage;
				GCC_PRECOMPILE_PREFIX_HEADER = YES;
				GCC_PREFIX_HEADER = "UILabel_Demo_0424/UILabel_Demo_0424-Prefix.pch";
				INFOPLIST_FILE = "UILabel_Demo_0424/UILabel_Demo_0424-Info.plist";
				PRODUCT_NAME = "$(TARGET_NAME)";
				WRAPPER_EXTENSION = app;
			};
			name = Release;
		};
		3BE0A7371909562300950F01 /* Debug */ = {
			isa = XCBuildConfiguration;
			buildSettings = {
				BUNDLE_LOADER = "$(BUILT_PRODUCTS_DIR)/UILabel_Demo_0424.app/UILabel_Demo_0424";
				FRAMEWORK_SEARCH_PATHS = (
					"$(SDKROOT)/Developer/Library/Frameworks",
					"$(inherited)",
					"$(DEVELOPER_FRAMEWORKS_DIR)",
				);
				GCC_PRECOMPILE_PREFIX_HEADER = YES;
				GCC_PREFIX_HEADER = "UILabel_Demo_0424/UILabel_Demo_0424-Prefix.pch";
				GCC_PREPROCESSOR_DEFINITIONS = (
					"DEBUG=1",
					"$(inherited)",
				);
				INFOPLIST_FILE = "UILabel_Demo_0424Tests/UILabel_Demo_0424Tests-Info.plist";
				PRODUCT_NAME = "$(TARGET_NAME)";
				TEST_HOST = "$(BUNDLE_LOADER)";
				WRAPPER_EXTENSION = xctest;
			};
			name = Debug;
		};
		3BE0A7381909562300950F01 /* Release */ = {
			isa = XCBuildConfiguration;
			buildSettings = {
				BUNDLE_LOADER = "$(BUILT_PRODUCTS_DIR)/UILabel_Demo_0424.app/UILabel_Demo_0424";
				FRAMEWORK_SEARCH_PATHS = (
					"$(SDKROOT)/Developer/Library/Frameworks",
					"$(inherited)",
					"$(DEVELOPER_FRAMEWORKS_DIR)",
				);
				GCC_PRECOMPILE_PREFIX_HEADER = YES;
				GCC_PREFIX_HEADER = "UILabel_Demo_0424/UILabel_Demo_0424-Prefix.pch";
				INFOPLIST_FILE = "UILabel_Demo_0424Tests/UILabel_Demo_0424Tests-Info.plist";
				PRODUCT_NAME = "$(TARGET_NAME)";
				TEST_HOST = "$(BUNDLE_LOADER)";
				WRAPPER_EXTENSION = xctest;
			};
			name = Release;
		};
/* End XCBuildConfiguration section */

/* Begin XCConfigurationList section */
		3BE0A7021909562200950F01 /* Build configuration list for PBXProject "UILabel_Demo_0424" */ = {
			isa = XCConfigurationList;
			buildConfigurations = (
				3BE0A7311909562300950F01 /* Debug */,
				3BE0A7321909562300950F01 /* Release */,
			);
			defaultConfigurationIsVisible = 0;
			defaultConfigurationName = Release;
		};
		3BE0A7331909562300950F01 /* Build configuration list for PBXNativeTarget "UILabel_Demo_0424" */ = {
			isa = XCConfigurationList;
			buildConfigurations = (
				3BE0A7341909562300950F01 /* Debug */,
				3BE0A7351909562300950F01 /* Release */,
			);
			defaultConfigurationIsVisible = 0;
		};
		3BE0A7361909562300950F01 /* Build configuration list for PBXNativeTarget "UILabel_Demo_0424Tests" */ = {
			isa = XCConfigurationList;
			buildConfigurations = (
				3BE0A7371909562300950F01 /* Debug */,
				3BE0A7381909562300950F01 /* Release */,
			);
			defaultConfigurationIsVisible = 0;
		};
/* End XCConfigurationList section */
	};
	rootObject = 3BE0A6FF1909562200950F01 /* Project object */;
}
