// !$*UTF8*$!
{
	archiveVersion = 1;
	classes = {
	};
	objectVersion = 46;
	objects = {

/* Begin PBXBuildFile section */
		3B18486E1917CA1C00E1CC2C /* Foundation.framework in Frameworks */ = {isa = PBXBuildFile; fileRef = 3B18486D1917CA1C00E1CC2C /* Foundation.framework */; };
		3B1848701917CA1C00E1CC2C /* CoreGraphics.framework in Frameworks */ = {isa = PBXBuildFile; fileRef = 3B18486F1917CA1C00E1CC2C /* CoreGraphics.framework */; };
		3B1848721917CA1C00E1CC2C /* UIKit.framework in Frameworks */ = {isa = PBXBuildFile; fileRef = 3B1848711917CA1C00E1CC2C /* UIKit.framework */; };
		3B1848781917CA1C00E1CC2C /* InfoPlist.strings in Resources */ = {isa = PBXBuildFile; fileRef = 3B1848761917CA1C00E1CC2C /* InfoPlist.strings */; };
		3B18487A1917CA1C00E1CC2C /* main.m in Sources */ = {isa = PBXBuildFile; fileRef = 3B1848791917CA1C00E1CC2C /* main.m */; };
		3B18487E1917CA1C00E1CC2C /* AppDelegate.m in Sources */ = {isa = PBXBuildFile; fileRef = 3B18487D1917CA1C00E1CC2C /* AppDelegate.m */; };
		3B1848801917CA1C00E1CC2C /* Images.xcassets in Resources */ = {isa = PBXBuildFile; fileRef = 3B18487F1917CA1C00E1CC2C /* Images.xcassets */; };
		3B1848871917CA1C00E1CC2C /* XCTest.framework in Frameworks */ = {isa = PBXBuildFile; fileRef = 3B1848861917CA1C00E1CC2C /* XCTest.framework */; };
		3B1848881917CA1C00E1CC2C /* Foundation.framework in Frameworks */ = {isa = PBXBuildFile; fileRef = 3B18486D1917CA1C00E1CC2C /* Foundation.framework */; };
		3B1848891917CA1C00E1CC2C /* UIKit.framework in Frameworks */ = {isa = PBXBuildFile; fileRef = 3B1848711917CA1C00E1CC2C /* UIKit.framework */; };
		3B1848911917CA1C00E1CC2C /* InfoPlist.strings in Resources */ = {isa = PBXBuildFile; fileRef = 3B18488F1917CA1C00E1CC2C /* InfoPlist.strings */; };
		3B1848931917CA1C00E1CC2C /* UINavigation_0505Tests.m in Sources */ = {isa = PBXBuildFile; fileRef = 3B1848921917CA1C00E1CC2C /* UINavigation_0505Tests.m */; };
		3B18489E1917CCEA00E1CC2C /* RootViewController.m in Sources */ = {isa = PBXBuildFile; fileRef = 3B18489D1917CCEA00E1CC2C /* RootViewController.m */; };
		3B1848A11917CD0800E1CC2C /* SecondViewController.m in Sources */ = {isa = PBXBuildFile; fileRef = 3B1848A01917CD0800E1CC2C /* SecondViewController.m */; };
		3BAB25CD19210AA100E98688 /* UINavigationBar+SetBackground.m in Sources */ = {isa = PBXBuildFile; fileRef = 3BAB25CC19210AA100E98688 /* UINavigationBar+SetBackground.m */; };
		3BAB25CF19210BA500E98688 /* back.jpg in Resources */ = {isa = PBXBuildFile; fileRef = 3BAB25CE19210BA500E98688 /* back.jpg */; };
		3BAB25D219210D4800E98688 /* NavigationViewController.m in Sources */ = {isa = PBXBuildFile; fileRef = 3BAB25D119210D4800E98688 /* NavigationViewController.m */; };
/* End PBXBuildFile section */

/* Begin PBXContainerItemProxy section */
		3B18488A1917CA1C00E1CC2C /* PBXContainerItemProxy */ = {
			isa = PBXContainerItemProxy;
			containerPortal = 3B1848621917CA1B00E1CC2C /* Project object */;
			proxyType = 1;
			remoteGlobalIDString = 3B1848691917CA1B00E1CC2C;
			remoteInfo = UINavigation_0505;
		};
/* End PBXContainerItemProxy section */

/* Begin PBXFileReference section */
		3B18486A1917CA1C00E1CC2C /* UIToolBar_0511.app */ = {isa = PBXFileReference; explicitFileType = wrapper.application; includeInIndex = 0; path = UIToolBar_0511.app; sourceTree = BUILT_PRODUCTS_DIR; };
		3B18486D1917CA1C00E1CC2C /* Foundation.framework */ = {isa = PBXFileReference; lastKnownFileType = wrapper.framework; name = Foundation.framework; path = System/Library/Frameworks/Foundation.framework; sourceTree = SDKROOT; };
		3B18486F1917CA1C00E1CC2C /* CoreGraphics.framework */ = {isa = PBXFileReference; lastKnownFileType = wrapper.framework; name = CoreGraphics.framework; path = System/Library/Frameworks/CoreGraphics.framework; sourceTree = SDKROOT; };
		3B1848711917CA1C00E1CC2C /* UIKit.framework */ = {isa = PBXFileReference; lastKnownFileType = wrapper.framework; name = UIKit.framework; path = System/Library/Frameworks/UIKit.framework; sourceTree = SDKROOT; };
		3B1848751917CA1C00E1CC2C /* UIToolBar_0511-Info.plist */ = {isa = PBXFileReference; lastKnownFileType = text.plist.xml; path = "UIToolBar_0511-Info.plist"; sourceTree = "<group>"; };
		3B1848771917CA1C00E1CC2C /* en */ = {isa = PBXFileReference; lastKnownFileType = text.plist.strings; name = en; path = en.lproj/InfoPlist.strings; sourceTree = "<group>"; };
		3B1848791917CA1C00E1CC2C /* main.m */ = {isa = PBXFileReference; lastKnownFileType = sourcecode.c.objc; path = main.m; sourceTree = "<group>"; };
		3B18487B1917CA1C00E1CC2C /* UIToolBar_0511-Prefix.pch */ = {isa = PBXFileReference; lastKnownFileType = sourcecode.c.h; path = "UIToolBar_0511-Prefix.pch"; sourceTree = "<group>"; };
		3B18487C1917CA1C00E1CC2C /* AppDelegate.h */ = {isa = PBXFileReference; lastKnownFileType = sourcecode.c.h; path = AppDelegate.h; sourceTree = "<group>"; };
		3B18487D1917CA1C00E1CC2C /* AppDelegate.m */ = {isa = PBXFileReference; lastKnownFileType = sourcecode.c.objc; path = AppDelegate.m; sourceTree = "<group>"; };
		3B18487F1917CA1C00E1CC2C /* Images.xcassets */ = {isa = PBXFileReference; lastKnownFileType = folder.assetcatalog; path = Images.xcassets; sourceTree = "<group>"; };
		3B1848851917CA1C00E1CC2C /* UIToolBar_0511Tests.xctest */ = {isa = PBXFileReference; explicitFileType = wrapper.cfbundle; includeInIndex = 0; path = UIToolBar_0511Tests.xctest; sourceTree = BUILT_PRODUCTS_DIR; };
		3B1848861917CA1C00E1CC2C /* XCTest.framework */ = {isa = PBXFileReference; lastKnownFileType = wrapper.framework; name = XCTest.framework; path = Library/Frameworks/XCTest.framework; sourceTree = DEVELOPER_DIR; };
		3B18488E1917CA1C00E1CC2C /* UIToolBar_0511Tests-Info.plist */ = {isa = PBXFileReference; lastKnownFileType = text.plist.xml; path = "UIToolBar_0511Tests-Info.plist"; sourceTree = "<group>"; };
		3B1848901917CA1C00E1CC2C /* en */ = {isa = PBXFileReference; lastKnownFileType = text.plist.strings; name = en; path = en.lproj/InfoPlist.strings; sourceTree = "<group>"; };
		3B1848921917CA1C00E1CC2C /* UINavigation_0505Tests.m */ = {isa = PBXFileReference; lastKnownFileType = sourcecode.c.objc; path = UINavigation_0505Tests.m; sourceTree = "<group>"; };
		3B18489C1917CCEA00E1CC2C /* RootViewController.h */ = {isa = PBXFileReference; fileEncoding = 4; lastKnownFileType = sourcecode.c.h; path = RootViewController.h; sourceTree = "<group>"; };
		3B18489D1917CCEA00E1CC2C /* RootViewController.m */ = {isa = PBXFileReference; fileEncoding = 4; lastKnownFileType = sourcecode.c.objc; path = RootViewController.m; sourceTree = "<group>"; };
		3B18489F1917CD0800E1CC2C /* SecondViewController.h */ = {isa = PBXFileReference; fileEncoding = 4; lastKnownFileType = sourcecode.c.h; path = SecondViewController.h; sourceTree = "<group>"; };
		3B1848A01917CD0800E1CC2C /* SecondViewController.m */ = {isa = PBXFileReference; fileEncoding = 4; lastKnownFileType = sourcecode.c.objc; path = SecondViewController.m; sourceTree = "<group>"; };
		3BAB25CB19210AA100E98688 /* UINavigationBar+SetBackground.h */ = {isa = PBXFileReference; fileEncoding = 4; lastKnownFileType = sourcecode.c.h; path = "UINavigationBar+SetBackground.h"; sourceTree = "<group>"; };
		3BAB25CC19210AA100E98688 /* UINavigationBar+SetBackground.m */ = {isa = PBXFileReference; fileEncoding = 4; lastKnownFileType = sourcecode.c.objc; path = "UINavigationBar+SetBackground.m"; sourceTree = "<group>"; };
		3BAB25CE19210BA500E98688 /* back.jpg */ = {isa = PBXFileReference; lastKnownFileType = image.jpeg; path = back.jpg; sourceTree = "<group>"; };
		3BAB25D019210D4800E98688 /* NavigationViewController.h */ = {isa = PBXFileReference; fileEncoding = 4; lastKnownFileType = sourcecode.c.h; path = NavigationViewController.h; sourceTree = "<group>"; };
		3BAB25D119210D4800E98688 /* NavigationViewController.m */ = {isa = PBXFileReference; fileEncoding = 4; lastKnownFileType = sourcecode.c.objc; path = NavigationViewController.m; sourceTree = "<group>"; };
/* End PBXFileReference section */

/* Begin PBXFrameworksBuildPhase section */
		3B1848671917CA1B00E1CC2C /* Frameworks */ = {
			isa = PBXFrameworksBuildPhase;
			buildActionMask = 2147483647;
			files = (
				3B1848701917CA1C00E1CC2C /* CoreGraphics.framework in Frameworks */,
				3B1848721917CA1C00E1CC2C /* UIKit.framework in Frameworks */,
				3B18486E1917CA1C00E1CC2C /* Foundation.framework in Frameworks */,
			);
			runOnlyForDeploymentPostprocessing = 0;
		};
		3B1848821917CA1C00E1CC2C /* Frameworks */ = {
			isa = PBXFrameworksBuildPhase;
			buildActionMask = 2147483647;
			files = (
				3B1848871917CA1C00E1CC2C /* XCTest.framework in Frameworks */,
				3B1848891917CA1C00E1CC2C /* UIKit.framework in Frameworks */,
				3B1848881917CA1C00E1CC2C /* Foundation.framework in Frameworks */,
			);
			runOnlyForDeploymentPostprocessing = 0;
		};
/* End PBXFrameworksBuildPhase section */

/* Begin PBXGroup section */
		3B1848611917CA1B00E1CC2C = {
			isa = PBXGroup;
			children = (
				3B1848731917CA1C00E1CC2C /* UINavigation_0505 */,
				3B18488C1917CA1C00E1CC2C /* UINavigation_0505Tests */,
				3B18486C1917CA1C00E1CC2C /* Frameworks */,
				3B18486B1917CA1C00E1CC2C /* Products */,
			);
			sourceTree = "<group>";
		};
		3B18486B1917CA1C00E1CC2C /* Products */ = {
			isa = PBXGroup;
			children = (
				3B18486A1917CA1C00E1CC2C /* UIToolBar_0511.app */,
				3B1848851917CA1C00E1CC2C /* UIToolBar_0511Tests.xctest */,
			);
			name = Products;
			sourceTree = "<group>";
		};
		3B18486C1917CA1C00E1CC2C /* Frameworks */ = {
			isa = PBXGroup;
			children = (
				3B18486D1917CA1C00E1CC2C /* Foundation.framework */,
				3B18486F1917CA1C00E1CC2C /* CoreGraphics.framework */,
				3B1848711917CA1C00E1CC2C /* UIKit.framework */,
				3B1848861917CA1C00E1CC2C /* XCTest.framework */,
			);
			name = Frameworks;
			sourceTree = "<group>";
		};
		3B1848731917CA1C00E1CC2C /* UINavigation_0505 */ = {
			isa = PBXGroup;
			children = (
				3B18487C1917CA1C00E1CC2C /* AppDelegate.h */,
				3B18487D1917CA1C00E1CC2C /* AppDelegate.m */,
				3BAB25D019210D4800E98688 /* NavigationViewController.h */,
				3BAB25D119210D4800E98688 /* NavigationViewController.m */,
				3B18489C1917CCEA00E1CC2C /* RootViewController.h */,
				3B18489D1917CCEA00E1CC2C /* RootViewController.m */,
				3B18489F1917CD0800E1CC2C /* SecondViewController.h */,
				3B1848A01917CD0800E1CC2C /* SecondViewController.m */,
				3BAB25CB19210AA100E98688 /* UINavigationBar+SetBackground.h */,
				3BAB25CC19210AA100E98688 /* UINavigationBar+SetBackground.m */,
				3BAB25CE19210BA500E98688 /* back.jpg */,
				3B18487F1917CA1C00E1CC2C /* Images.xcassets */,
				3B1848741917CA1C00E1CC2C /* Supporting Files */,
			);
			path = UINavigation_0505;
			sourceTree = "<group>";
		};
		3B1848741917CA1C00E1CC2C /* Supporting Files */ = {
			isa = PBXGroup;
			children = (
				3B1848751917CA1C00E1CC2C /* UIToolBar_0511-Info.plist */,
				3B1848761917CA1C00E1CC2C /* InfoPlist.strings */,
				3B1848791917CA1C00E1CC2C /* main.m */,
				3B18487B1917CA1C00E1CC2C /* UIToolBar_0511-Prefix.pch */,
			);
			name = "Supporting Files";
			sourceTree = "<group>";
		};
		3B18488C1917CA1C00E1CC2C /* UINavigation_0505Tests */ = {
			isa = PBXGroup;
			children = (
				3B1848921917CA1C00E1CC2C /* UINavigation_0505Tests.m */,
				3B18488D1917CA1C00E1CC2C /* Supporting Files */,
			);
			path = UINavigation_0505Tests;
			sourceTree = "<group>";
		};
		3B18488D1917CA1C00E1CC2C /* Supporting Files */ = {
			isa = PBXGroup;
			children = (
				3B18488E1917CA1C00E1CC2C /* UIToolBar_0511Tests-Info.plist */,
				3B18488F1917CA1C00E1CC2C /* InfoPlist.strings */,
			);
			name = "Supporting Files";
			sourceTree = "<group>";
		};
/* End PBXGroup section */

/* Begin PBXNativeTarget section */
		3B1848691917CA1B00E1CC2C /* UIToolBar_0511 */ = {
			isa = PBXNativeTarget;
			buildConfigurationList = 3B1848961917CA1C00E1CC2C /* Build configuration list for PBXNativeTarget "UIToolBar_0511" */;
			buildPhases = (
				3B1848661917CA1B00E1CC2C /* Sources */,
				3B1848671917CA1B00E1CC2C /* Frameworks */,
				3B1848681917CA1B00E1CC2C /* Resources */,
			);
			buildRules = (
			);
			dependencies = (
			);
			name = UIToolBar_0511;
			productName = UINavigation_0505;
			productReference = 3B18486A1917CA1C00E1CC2C /* UIToolBar_0511.app */;
			productType = "com.apple.product-type.application";
		};
		3B1848841917CA1C00E1CC2C /* UIToolBar_0511Tests */ = {
			isa = PBXNativeTarget;
			buildConfigurationList = 3B1848991917CA1C00E1CC2C /* Build configuration list for PBXNativeTarget "UIToolBar_0511Tests" */;
			buildPhases = (
				3B1848811917CA1C00E1CC2C /* Sources */,
				3B1848821917CA1C00E1CC2C /* Frameworks */,
				3B1848831917CA1C00E1CC2C /* Resources */,
			);
			buildRules = (
			);
			dependencies = (
				3B18488B1917CA1C00E1CC2C /* PBXTargetDependency */,
			);
			name = UIToolBar_0511Tests;
			productName = UINavigation_0505Tests;
			productReference = 3B1848851917CA1C00E1CC2C /* UIToolBar_0511Tests.xctest */;
			productType = "com.apple.product-type.bundle.unit-test";
		};
/* End PBXNativeTarget section */

/* Begin PBXProject section */
		3B1848621917CA1B00E1CC2C /* Project object */ = {
			isa = PBXProject;
			attributes = {
				LastUpgradeCheck = 0510;
				ORGANIZATIONNAME = "pan dabo";
				TargetAttributes = {
					3B1848841917CA1C00E1CC2C = {
						TestTargetID = 3B1848691917CA1B00E1CC2C;
					};
				};
			};
			buildConfigurationList = 3B1848651917CA1B00E1CC2C /* Build configuration list for PBXProject "UIToolBar_0511" */;
			compatibilityVersion = "Xcode 3.2";
			developmentRegion = English;
			hasScannedForEncodings = 0;
			knownRegions = (
				en,
			);
			mainGroup = 3B1848611917CA1B00E1CC2C;
			productRefGroup = 3B18486B1917CA1C00E1CC2C /* Products */;
			projectDirPath = "";
			projectRoot = "";
			targets = (
				3B1848691917CA1B00E1CC2C /* UIToolBar_0511 */,
				3B1848841917CA1C00E1CC2C /* UIToolBar_0511Tests */,
			);
		};
/* End PBXProject section */

/* Begin PBXResourcesBuildPhase section */
		3B1848681917CA1B00E1CC2C /* Resources */ = {
			isa = PBXResourcesBuildPhase;
			buildActionMask = 2147483647;
			files = (
				3B1848781917CA1C00E1CC2C /* InfoPlist.strings in Resources */,
				3BAB25CF19210BA500E98688 /* back.jpg in Resources */,
				3B1848801917CA1C00E1CC2C /* Images.xcassets in Resources */,
			);
			runOnlyForDeploymentPostprocessing = 0;
		};
		3B1848831917CA1C00E1CC2C /* Resources */ = {
			isa = PBXResourcesBuildPhase;
			buildActionMask = 2147483647;
			files = (
				3B1848911917CA1C00E1CC2C /* InfoPlist.strings in Resources */,
			);
			runOnlyForDeploymentPostprocessing = 0;
		};
/* End PBXResourcesBuildPhase section */

/* Begin PBXSourcesBuildPhase section */
		3B1848661917CA1B00E1CC2C /* Sources */ = {
			isa = PBXSourcesBuildPhase;
			buildActionMask = 2147483647;
			files = (
				3B1848A11917CD0800E1CC2C /* SecondViewController.m in Sources */,
				3B18487E1917CA1C00E1CC2C /* AppDelegate.m in Sources */,
				3BAB25D219210D4800E98688 /* NavigationViewController.m in Sources */,
				3BAB25CD19210AA100E98688 /* UINavigationBar+SetBackground.m in Sources */,
				3B18487A1917CA1C00E1CC2C /* main.m in Sources */,
				3B18489E1917CCEA00E1CC2C /* RootViewController.m in Sources */,
			);
			runOnlyForDeploymentPostprocessing = 0;
		};
		3B1848811917CA1C00E1CC2C /* Sources */ = {
			isa = PBXSourcesBuildPhase;
			buildActionMask = 2147483647;
			files = (
				3B1848931917CA1C00E1CC2C /* UINavigation_0505Tests.m in Sources */,
			);
			runOnlyForDeploymentPostprocessing = 0;
		};
/* End PBXSourcesBuildPhase section */

/* Begin PBXTargetDependency section */
		3B18488B1917CA1C00E1CC2C /* PBXTargetDependency */ = {
			isa = PBXTargetDependency;
			target = 3B1848691917CA1B00E1CC2C /* UIToolBar_0511 */;
			targetProxy = 3B18488A1917CA1C00E1CC2C /* PBXContainerItemProxy */;
		};
/* End PBXTargetDependency section */

/* Begin PBXVariantGroup section */
		3B1848761917CA1C00E1CC2C /* InfoPlist.strings */ = {
			isa = PBXVariantGroup;
			children = (
				3B1848771917CA1C00E1CC2C /* en */,
			);
			name = InfoPlist.strings;
			sourceTree = "<group>";
		};
		3B18488F1917CA1C00E1CC2C /* InfoPlist.strings */ = {
			isa = PBXVariantGroup;
			children = (
				3B1848901917CA1C00E1CC2C /* en */,
			);
			name = InfoPlist.strings;
			sourceTree = "<group>";
		};
/* End PBXVariantGroup section */

/* Begin XCBuildConfiguration section */
		3B1848941917CA1C00E1CC2C /* Debug */ = {
			isa = XCBuildConfiguration;
			buildSettings = {
				ALWAYS_SEARCH_USER_PATHS = NO;
				CLANG_CXX_LANGUAGE_STANDARD = "gnu++0x";
				CLANG_CXX_LIBRARY = "libc++";
				CLANG_ENABLE_MODULES = YES;
				CLANG_ENABLE_OBJC_ARC = NO;
				CLANG_WARN_BOOL_CONVERSION = YES;
				CLANG_WARN_CONSTANT_CONVERSION = YES;
				CLANG_WARN_DIRECT_OBJC_ISA_USAGE = YES_ERROR;
				CLANG_WARN_EMPTY_BODY = YES;
				CLANG_WARN_ENUM_CONVERSION = YES;
				CLANG_WARN_INT_CONVERSION = YES;
				CLANG_WARN_OBJC_ROOT_CLASS = YES_ERROR;
				CLANG_WARN__DUPLICATE_METHOD_MATCH = YES;
				"CODE_SIGN_IDENTITY[sdk=iphoneos*]" = "iPhone Developer";
				COPY_PHASE_STRIP = NO;
				GCC_C_LANGUAGE_STANDARD = gnu99;
				GCC_DYNAMIC_NO_PIC = NO;
				GCC_OPTIMIZATION_LEVEL = 0;
				GCC_PREPROCESSOR_DEFINITIONS = (
					"DEBUG=1",
					"$(inherited)",
				);
				GCC_SYMBOLS_PRIVATE_EXTERN = NO;
				GCC_WARN_64_TO_32_BIT_CONVERSION = YES;
				GCC_WARN_ABOUT_RETURN_TYPE = YES_ERROR;
				GCC_WARN_UNDECLARED_SELECTOR = YES;
				GCC_WARN_UNINITIALIZED_AUTOS = YES_AGGRESSIVE;
				GCC_WARN_UNUSED_FUNCTION = YES;
				GCC_WARN_UNUSED_VARIABLE = YES;
				IPHONEOS_DEPLOYMENT_TARGET = 7.1;
				ONLY_ACTIVE_ARCH = YES;
				SDKROOT = iphoneos;
			};
			name = Debug;
		};
		3B1848951917CA1C00E1CC2C /* Release */ = {
			isa = XCBuildConfiguration;
			buildSettings = {
				ALWAYS_SEARCH_USER_PATHS = NO;
				CLANG_CXX_LANGUAGE_STANDARD = "gnu++0x";
				CLANG_CXX_LIBRARY = "libc++";
				CLANG_ENABLE_MODULES = YES;
				CLANG_ENABLE_OBJC_ARC = NO;
				CLANG_WARN_BOOL_CONVERSION = YES;
				CLANG_WARN_CONSTANT_CONVERSION = YES;
				CLANG_WARN_DIRECT_OBJC_ISA_USAGE = YES_ERROR;
				CLANG_WARN_EMPTY_BODY = YES;
				CLANG_WARN_ENUM_CONVERSION = YES;
				CLANG_WARN_INT_CONVERSION = YES;
				CLANG_WARN_OBJC_ROOT_CLASS = YES_ERROR;
				CLANG_WARN__DUPLICATE_METHOD_MATCH = YES;
				"CODE_SIGN_IDENTITY[sdk=iphoneos*]" = "iPhone Developer";
				COPY_PHASE_STRIP = YES;
				ENABLE_NS_ASSERTIONS = NO;
				GCC_C_LANGUAGE_STANDARD = gnu99;
				GCC_WARN_64_TO_32_BIT_CONVERSION = YES;
				GCC_WARN_ABOUT_RETURN_TYPE = YES_ERROR;
				GCC_WARN_UNDECLARED_SELECTOR = YES;
				GCC_WARN_UNINITIALIZED_AUTOS = YES_AGGRESSIVE;
				GCC_WARN_UNUSED_FUNCTION = YES;
				GCC_WARN_UNUSED_VARIABLE = YES;
				IPHONEOS_DEPLOYMENT_TARGET = 7.1;
				SDKROOT = iphoneos;
				VALIDATE_PRODUCT = YES;
			};
			name = Release;
		};
		3B1848971917CA1C00E1CC2C /* Debug */ = {
			isa = XCBuildConfiguration;
			buildSettings = {
				ASSETCATALOG_COMPILER_APPICON_NAME = AppIcon;
				ASSETCATALOG_COMPILER_LAUNCHIMAGE_NAME = LaunchImage;
				GCC_PRECOMPILE_PREFIX_HEADER = YES;
				GCC_PREFIX_HEADER = "UINavigation_0505/UIToolBar_0511-Prefix.pch";
				INFOPLIST_FILE = "UINavigation_0505/UIToolBar_0511-Info.plist";
				PRODUCT_NAME = UIToolBar_0511;
				WRAPPER_EXTENSION = app;
			};
			name = Debug;
		};
		3B1848981917CA1C00E1CC2C /* Release */ = {
			isa = XCBuildConfiguration;
			buildSettings = {
				ASSETCATALOG_COMPILER_APPICON_NAME = AppIcon;
				ASSETCATALOG_COMPILER_LAUNCHIMAGE_NAME = LaunchImage;
				GCC_PRECOMPILE_PREFIX_HEADER = YES;
				GCC_PREFIX_HEADER = "UINavigation_0505/UIToolBar_0511-Prefix.pch";
				INFOPLIST_FILE = "UINavigation_0505/UIToolBar_0511-Info.plist";
				PRODUCT_NAME = UIToolBar_0511;
				WRAPPER_EXTENSION = app;
			};
			name = Release;
		};
		3B18489A1917CA1C00E1CC2C /* Debug */ = {
			isa = XCBuildConfiguration;
			buildSettings = {
				BUNDLE_LOADER = "$(BUILT_PRODUCTS_DIR)/UINavigation_0505.app/UINavigation_0505";
				FRAMEWORK_SEARCH_PATHS = (
					"$(SDKROOT)/Developer/Library/Frameworks",
					"$(inherited)",
					"$(DEVELOPER_FRAMEWORKS_DIR)",
				);
				GCC_PRECOMPILE_PREFIX_HEADER = YES;
				GCC_PREFIX_HEADER = "UINavigation_0505/UINavigation_0505-Prefix.pch";
				GCC_PREPROCESSOR_DEFINITIONS = (
					"DEBUG=1",
					"$(inherited)",
				);
				INFOPLIST_FILE = "UINavigation_0505Tests/UIToolBar_0511Tests-Info.plist";
				PRODUCT_NAME = UIToolBar_0511Tests;
				TEST_HOST = "$(BUNDLE_LOADER)";
				WRAPPER_EXTENSION = xctest;
			};
			name = Debug;
		};
		3B18489B1917CA1C00E1CC2C /* Release */ = {
			isa = XCBuildConfiguration;
			buildSettings = {
				BUNDLE_LOADER = "$(BUILT_PRODUCTS_DIR)/UINavigation_0505.app/UINavigation_0505";
				FRAMEWORK_SEARCH_PATHS = (
					"$(SDKROOT)/Developer/Library/Frameworks",
					"$(inherited)",
					"$(DEVELOPER_FRAMEWORKS_DIR)",
				);
				GCC_PRECOMPILE_PREFIX_HEADER = YES;
				GCC_PREFIX_HEADER = "UINavigation_0505/UINavigation_0505-Prefix.pch";
				INFOPLIST_FILE = "UINavigation_0505Tests/UIToolBar_0511Tests-Info.plist";
				PRODUCT_NAME = UIToolBar_0511Tests;
				TEST_HOST = "$(BUNDLE_LOADER)";
				WRAPPER_EXTENSION = xctest;
			};
			name = Release;
		};
/* End XCBuildConfiguration section */

/* Begin XCConfigurationList section */
		3B1848651917CA1B00E1CC2C /* Build configuration list for PBXProject "UIToolBar_0511" */ = {
			isa = XCConfigurationList;
			buildConfigurations = (
				3B1848941917CA1C00E1CC2C /* Debug */,
				3B1848951917CA1C00E1CC2C /* Release */,
			);
			defaultConfigurationIsVisible = 0;
			defaultConfigurationName = Release;
		};
		3B1848961917CA1C00E1CC2C /* Build configuration list for PBXNativeTarget "UIToolBar_0511" */ = {
			isa = XCConfigurationList;
			buildConfigurations = (
				3B1848971917CA1C00E1CC2C /* Debug */,
				3B1848981917CA1C00E1CC2C /* Release */,
			);
			defaultConfigurationIsVisible = 0;
			defaultConfigurationName = Release;
		};
		3B1848991917CA1C00E1CC2C /* Build configuration list for PBXNativeTarget "UIToolBar_0511Tests" */ = {
			isa = XCConfigurationList;
			buildConfigurations = (
				3B18489A1917CA1C00E1CC2C /* Debug */,
				3B18489B1917CA1C00E1CC2C /* Release */,
			);
			defaultConfigurationIsVisible = 0;
			defaultConfigurationName = Release;
		};
/* End XCConfigurationList section */
	};
	rootObject = 3B1848621917CA1B00E1CC2C /* Project object */;
}
