// !$*UTF8*$!
{
	archiveVersion = 1;
	classes = {
	};
	objectVersion = 46;
	objects = {

/* Begin PBXBuildFile section */
		3B7A5A9B19038C40004C1F02 /* Foundation.framework in Frameworks */ = {isa = PBXBuildFile; fileRef = 3B7A5A9A19038C40004C1F02 /* Foundation.framework */; };
		3B7A5A9D19038C40004C1F02 /* CoreGraphics.framework in Frameworks */ = {isa = PBXBuildFile; fileRef = 3B7A5A9C19038C40004C1F02 /* CoreGraphics.framework */; };
		3B7A5A9F19038C40004C1F02 /* UIKit.framework in Frameworks */ = {isa = PBXBuildFile; fileRef = 3B7A5A9E19038C40004C1F02 /* UIKit.framework */; };
		3B7A5AA519038C40004C1F02 /* InfoPlist.strings in Resources */ = {isa = PBXBuildFile; fileRef = 3B7A5AA319038C40004C1F02 /* InfoPlist.strings */; };
		3B7A5AA719038C40004C1F02 /* main.m in Sources */ = {isa = PBXBuildFile; fileRef = 3B7A5AA619038C40004C1F02 /* main.m */; };
		3B7A5AAB19038C40004C1F02 /* AppDelegate.m in Sources */ = {isa = PBXBuildFile; fileRef = 3B7A5AAA19038C40004C1F02 /* AppDelegate.m */; };
		3B7A5AAD19038C40004C1F02 /* Images.xcassets in Resources */ = {isa = PBXBuildFile; fileRef = 3B7A5AAC19038C40004C1F02 /* Images.xcassets */; };
		3B7A5AB419038C40004C1F02 /* XCTest.framework in Frameworks */ = {isa = PBXBuildFile; fileRef = 3B7A5AB319038C40004C1F02 /* XCTest.framework */; };
		3B7A5AB519038C40004C1F02 /* Foundation.framework in Frameworks */ = {isa = PBXBuildFile; fileRef = 3B7A5A9A19038C40004C1F02 /* Foundation.framework */; };
		3B7A5AB619038C40004C1F02 /* UIKit.framework in Frameworks */ = {isa = PBXBuildFile; fileRef = 3B7A5A9E19038C40004C1F02 /* UIKit.framework */; };
		3B7A5ABE19038C40004C1F02 /* InfoPlist.strings in Resources */ = {isa = PBXBuildFile; fileRef = 3B7A5ABC19038C40004C1F02 /* InfoPlist.strings */; };
		3B7A5AC019038C40004C1F02 /* UIView_Animation_0420Tests.m in Sources */ = {isa = PBXBuildFile; fileRef = 3B7A5ABF19038C40004C1F02 /* UIView_Animation_0420Tests.m */; };
		3B7A5ACA1903911B004C1F02 /* tea.png in Resources */ = {isa = PBXBuildFile; fileRef = 3B7A5AC91903911B004C1F02 /* tea.png */; };
/* End PBXBuildFile section */

/* Begin PBXContainerItemProxy section */
		3B7A5AB719038C40004C1F02 /* PBXContainerItemProxy */ = {
			isa = PBXContainerItemProxy;
			containerPortal = 3B7A5A8F19038C40004C1F02 /* Project object */;
			proxyType = 1;
			remoteGlobalIDString = 3B7A5A9619038C40004C1F02;
			remoteInfo = UIView_Animation_0420;
		};
/* End PBXContainerItemProxy section */

/* Begin PBXFileReference section */
		3B7A5A9719038C40004C1F02 /* UIView_Animation_0420.app */ = {isa = PBXFileReference; explicitFileType = wrapper.application; includeInIndex = 0; path = UIView_Animation_0420.app; sourceTree = BUILT_PRODUCTS_DIR; };
		3B7A5A9A19038C40004C1F02 /* Foundation.framework */ = {isa = PBXFileReference; lastKnownFileType = wrapper.framework; name = Foundation.framework; path = System/Library/Frameworks/Foundation.framework; sourceTree = SDKROOT; };
		3B7A5A9C19038C40004C1F02 /* CoreGraphics.framework */ = {isa = PBXFileReference; lastKnownFileType = wrapper.framework; name = CoreGraphics.framework; path = System/Library/Frameworks/CoreGraphics.framework; sourceTree = SDKROOT; };
		3B7A5A9E19038C40004C1F02 /* UIKit.framework */ = {isa = PBXFileReference; lastKnownFileType = wrapper.framework; name = UIKit.framework; path = System/Library/Frameworks/UIKit.framework; sourceTree = SDKROOT; };
		3B7A5AA219038C40004C1F02 /* UIView_Animation_0420-Info.plist */ = {isa = PBXFileReference; lastKnownFileType = text.plist.xml; path = "UIView_Animation_0420-Info.plist"; sourceTree = "<group>"; };
		3B7A5AA419038C40004C1F02 /* en */ = {isa = PBXFileReference; lastKnownFileType = text.plist.strings; name = en; path = en.lproj/InfoPlist.strings; sourceTree = "<group>"; };
		3B7A5AA619038C40004C1F02 /* main.m */ = {isa = PBXFileReference; lastKnownFileType = sourcecode.c.objc; path = main.m; sourceTree = "<group>"; };
		3B7A5AA819038C40004C1F02 /* UIView_Animation_0420-Prefix.pch */ = {isa = PBXFileReference; lastKnownFileType = sourcecode.c.h; path = "UIView_Animation_0420-Prefix.pch"; sourceTree = "<group>"; };
		3B7A5AA919038C40004C1F02 /* AppDelegate.h */ = {isa = PBXFileReference; lastKnownFileType = sourcecode.c.h; path = AppDelegate.h; sourceTree = "<group>"; };
		3B7A5AAA19038C40004C1F02 /* AppDelegate.m */ = {isa = PBXFileReference; lastKnownFileType = sourcecode.c.objc; path = AppDelegate.m; sourceTree = "<group>"; };
		3B7A5AAC19038C40004C1F02 /* Images.xcassets */ = {isa = PBXFileReference; lastKnownFileType = folder.assetcatalog; path = Images.xcassets; sourceTree = "<group>"; };
		3B7A5AB219038C40004C1F02 /* UIView_Animation_0420Tests.xctest */ = {isa = PBXFileReference; explicitFileType = wrapper.cfbundle; includeInIndex = 0; path = UIView_Animation_0420Tests.xctest; sourceTree = BUILT_PRODUCTS_DIR; };
		3B7A5AB319038C40004C1F02 /* XCTest.framework */ = {isa = PBXFileReference; lastKnownFileType = wrapper.framework; name = XCTest.framework; path = Library/Frameworks/XCTest.framework; sourceTree = DEVELOPER_DIR; };
		3B7A5ABB19038C40004C1F02 /* UIView_Animation_0420Tests-Info.plist */ = {isa = PBXFileReference; lastKnownFileType = text.plist.xml; path = "UIView_Animation_0420Tests-Info.plist"; sourceTree = "<group>"; };
		3B7A5ABD19038C40004C1F02 /* en */ = {isa = PBXFileReference; lastKnownFileType = text.plist.strings; name = en; path = en.lproj/InfoPlist.strings; sourceTree = "<group>"; };
		3B7A5ABF19038C40004C1F02 /* UIView_Animation_0420Tests.m */ = {isa = PBXFileReference; lastKnownFileType = sourcecode.c.objc; path = UIView_Animation_0420Tests.m; sourceTree = "<group>"; };
		3B7A5AC91903911B004C1F02 /* tea.png */ = {isa = PBXFileReference; lastKnownFileType = image.png; path = tea.png; sourceTree = "<group>"; };
/* End PBXFileReference section */

/* Begin PBXFrameworksBuildPhase section */
		3B7A5A9419038C40004C1F02 /* Frameworks */ = {
			isa = PBXFrameworksBuildPhase;
			buildActionMask = 2147483647;
			files = (
				3B7A5A9D19038C40004C1F02 /* CoreGraphics.framework in Frameworks */,
				3B7A5A9F19038C40004C1F02 /* UIKit.framework in Frameworks */,
				3B7A5A9B19038C40004C1F02 /* Foundation.framework in Frameworks */,
			);
			runOnlyForDeploymentPostprocessing = 0;
		};
		3B7A5AAF19038C40004C1F02 /* Frameworks */ = {
			isa = PBXFrameworksBuildPhase;
			buildActionMask = 2147483647;
			files = (
				3B7A5AB419038C40004C1F02 /* XCTest.framework in Frameworks */,
				3B7A5AB619038C40004C1F02 /* UIKit.framework in Frameworks */,
				3B7A5AB519038C40004C1F02 /* Foundation.framework in Frameworks */,
			);
			runOnlyForDeploymentPostprocessing = 0;
		};
/* End PBXFrameworksBuildPhase section */

/* Begin PBXGroup section */
		3B7A5A8E19038C40004C1F02 = {
			isa = PBXGroup;
			children = (
				3B7A5AA019038C40004C1F02 /* UIView_Animation_0420 */,
				3B7A5AB919038C40004C1F02 /* UIView_Animation_0420Tests */,
				3B7A5A9919038C40004C1F02 /* Frameworks */,
				3B7A5A9819038C40004C1F02 /* Products */,
			);
			sourceTree = "<group>";
		};
		3B7A5A9819038C40004C1F02 /* Products */ = {
			isa = PBXGroup;
			children = (
				3B7A5A9719038C40004C1F02 /* UIView_Animation_0420.app */,
				3B7A5AB219038C40004C1F02 /* UIView_Animation_0420Tests.xctest */,
			);
			name = Products;
			sourceTree = "<group>";
		};
		3B7A5A9919038C40004C1F02 /* Frameworks */ = {
			isa = PBXGroup;
			children = (
				3B7A5A9A19038C40004C1F02 /* Foundation.framework */,
				3B7A5A9C19038C40004C1F02 /* CoreGraphics.framework */,
				3B7A5A9E19038C40004C1F02 /* UIKit.framework */,
				3B7A5AB319038C40004C1F02 /* XCTest.framework */,
			);
			name = Frameworks;
			sourceTree = "<group>";
		};
		3B7A5AA019038C40004C1F02 /* UIView_Animation_0420 */ = {
			isa = PBXGroup;
			children = (
				3B7A5AA919038C40004C1F02 /* AppDelegate.h */,
				3B7A5AAA19038C40004C1F02 /* AppDelegate.m */,
				3B7A5AAC19038C40004C1F02 /* Images.xcassets */,
				3B7A5AA119038C40004C1F02 /* Supporting Files */,
			);
			path = UIView_Animation_0420;
			sourceTree = "<group>";
		};
		3B7A5AA119038C40004C1F02 /* Supporting Files */ = {
			isa = PBXGroup;
			children = (
				3B7A5AC91903911B004C1F02 /* tea.png */,
				3B7A5AA219038C40004C1F02 /* UIView_Animation_0420-Info.plist */,
				3B7A5AA319038C40004C1F02 /* InfoPlist.strings */,
				3B7A5AA619038C40004C1F02 /* main.m */,
				3B7A5AA819038C40004C1F02 /* UIView_Animation_0420-Prefix.pch */,
			);
			name = "Supporting Files";
			sourceTree = "<group>";
		};
		3B7A5AB919038C40004C1F02 /* UIView_Animation_0420Tests */ = {
			isa = PBXGroup;
			children = (
				3B7A5ABF19038C40004C1F02 /* UIView_Animation_0420Tests.m */,
				3B7A5ABA19038C40004C1F02 /* Supporting Files */,
			);
			path = UIView_Animation_0420Tests;
			sourceTree = "<group>";
		};
		3B7A5ABA19038C40004C1F02 /* Supporting Files */ = {
			isa = PBXGroup;
			children = (
				3B7A5ABB19038C40004C1F02 /* UIView_Animation_0420Tests-Info.plist */,
				3B7A5ABC19038C40004C1F02 /* InfoPlist.strings */,
			);
			name = "Supporting Files";
			sourceTree = "<group>";
		};
/* End PBXGroup section */

/* Begin PBXNativeTarget section */
		3B7A5A9619038C40004C1F02 /* UIView_Animation_0420 */ = {
			isa = PBXNativeTarget;
			buildConfigurationList = 3B7A5AC319038C40004C1F02 /* Build configuration list for PBXNativeTarget "UIView_Animation_0420" */;
			buildPhases = (
				3B7A5A9319038C40004C1F02 /* Sources */,
				3B7A5A9419038C40004C1F02 /* Frameworks */,
				3B7A5A9519038C40004C1F02 /* Resources */,
			);
			buildRules = (
			);
			dependencies = (
			);
			name = UIView_Animation_0420;
			productName = UIView_Animation_0420;
			productReference = 3B7A5A9719038C40004C1F02 /* UIView_Animation_0420.app */;
			productType = "com.apple.product-type.application";
		};
		3B7A5AB119038C40004C1F02 /* UIView_Animation_0420Tests */ = {
			isa = PBXNativeTarget;
			buildConfigurationList = 3B7A5AC619038C40004C1F02 /* Build configuration list for PBXNativeTarget "UIView_Animation_0420Tests" */;
			buildPhases = (
				3B7A5AAE19038C40004C1F02 /* Sources */,
				3B7A5AAF19038C40004C1F02 /* Frameworks */,
				3B7A5AB019038C40004C1F02 /* Resources */,
			);
			buildRules = (
			);
			dependencies = (
				3B7A5AB819038C40004C1F02 /* PBXTargetDependency */,
			);
			name = UIView_Animation_0420Tests;
			productName = UIView_Animation_0420Tests;
			productReference = 3B7A5AB219038C40004C1F02 /* UIView_Animation_0420Tests.xctest */;
			productType = "com.apple.product-type.bundle.unit-test";
		};
/* End PBXNativeTarget section */

/* Begin PBXProject section */
		3B7A5A8F19038C40004C1F02 /* Project object */ = {
			isa = PBXProject;
			attributes = {
				LastUpgradeCheck = 0510;
				ORGANIZATIONNAME = "pan dabo";
				TargetAttributes = {
					3B7A5AB119038C40004C1F02 = {
						TestTargetID = 3B7A5A9619038C40004C1F02;
					};
				};
			};
			buildConfigurationList = 3B7A5A9219038C40004C1F02 /* Build configuration list for PBXProject "UIView_Animation_0420" */;
			compatibilityVersion = "Xcode 3.2";
			developmentRegion = English;
			hasScannedForEncodings = 0;
			knownRegions = (
				en,
			);
			mainGroup = 3B7A5A8E19038C40004C1F02;
			productRefGroup = 3B7A5A9819038C40004C1F02 /* Products */;
			projectDirPath = "";
			projectRoot = "";
			targets = (
				3B7A5A9619038C40004C1F02 /* UIView_Animation_0420 */,
				3B7A5AB119038C40004C1F02 /* UIView_Animation_0420Tests */,
			);
		};
/* End PBXProject section */

/* Begin PBXResourcesBuildPhase section */
		3B7A5A9519038C40004C1F02 /* Resources */ = {
			isa = PBXResourcesBuildPhase;
			buildActionMask = 2147483647;
			files = (
				3B7A5AA519038C40004C1F02 /* InfoPlist.strings in Resources */,
				3B7A5ACA1903911B004C1F02 /* tea.png in Resources */,
				3B7A5AAD19038C40004C1F02 /* Images.xcassets in Resources */,
			);
			runOnlyForDeploymentPostprocessing = 0;
		};
		3B7A5AB019038C40004C1F02 /* Resources */ = {
			isa = PBXResourcesBuildPhase;
			buildActionMask = 2147483647;
			files = (
				3B7A5ABE19038C40004C1F02 /* InfoPlist.strings in Resources */,
			);
			runOnlyForDeploymentPostprocessing = 0;
		};
/* End PBXResourcesBuildPhase section */

/* Begin PBXSourcesBuildPhase section */
		3B7A5A9319038C40004C1F02 /* Sources */ = {
			isa = PBXSourcesBuildPhase;
			buildActionMask = 2147483647;
			files = (
				3B7A5AAB19038C40004C1F02 /* AppDelegate.m in Sources */,
				3B7A5AA719038C40004C1F02 /* main.m in Sources */,
			);
			runOnlyForDeploymentPostprocessing = 0;
		};
		3B7A5AAE19038C40004C1F02 /* Sources */ = {
			isa = PBXSourcesBuildPhase;
			buildActionMask = 2147483647;
			files = (
				3B7A5AC019038C40004C1F02 /* UIView_Animation_0420Tests.m in Sources */,
			);
			runOnlyForDeploymentPostprocessing = 0;
		};
/* End PBXSourcesBuildPhase section */

/* Begin PBXTargetDependency section */
		3B7A5AB819038C40004C1F02 /* PBXTargetDependency */ = {
			isa = PBXTargetDependency;
			target = 3B7A5A9619038C40004C1F02 /* UIView_Animation_0420 */;
			targetProxy = 3B7A5AB719038C40004C1F02 /* PBXContainerItemProxy */;
		};
/* End PBXTargetDependency section */

/* Begin PBXVariantGroup section */
		3B7A5AA319038C40004C1F02 /* InfoPlist.strings */ = {
			isa = PBXVariantGroup;
			children = (
				3B7A5AA419038C40004C1F02 /* en */,
			);
			name = InfoPlist.strings;
			sourceTree = "<group>";
		};
		3B7A5ABC19038C40004C1F02 /* InfoPlist.strings */ = {
			isa = PBXVariantGroup;
			children = (
				3B7A5ABD19038C40004C1F02 /* en */,
			);
			name = InfoPlist.strings;
			sourceTree = "<group>";
		};
/* End PBXVariantGroup section */

/* Begin XCBuildConfiguration section */
		3B7A5AC119038C40004C1F02 /* Debug */ = {
			isa = XCBuildConfiguration;
			buildSettings = {
				ALWAYS_SEARCH_USER_PATHS = NO;
				CLANG_CXX_LANGUAGE_STANDARD = "gnu++0x";
				CLANG_CXX_LIBRARY = "libc++";
				CLANG_ENABLE_MODULES = YES;
				CLANG_ENABLE_OBJC_ARC = NO;
				CLANG_WARN_BOOL_CONVERSION = YES;
				CLANG_WARN_CONSTANT_CONVERSION = YES;
				CLANG_WARN_DIRECT_OBJC_ISA_USAGE = YES_ERROR;
				CLANG_WARN_EMPTY_BODY = YES;
				CLANG_WARN_ENUM_CONVERSION = YES;
				CLANG_WARN_INT_CONVERSION = YES;
				CLANG_WARN_OBJC_ROOT_CLASS = YES_ERROR;
				CLANG_WARN__DUPLICATE_METHOD_MATCH = YES;
				"CODE_SIGN_IDENTITY[sdk=iphoneos*]" = "iPhone Developer";
				COPY_PHASE_STRIP = NO;
				GCC_C_LANGUAGE_STANDARD = gnu99;
				GCC_DYNAMIC_NO_PIC = NO;
				GCC_OPTIMIZATION_LEVEL = 0;
				GCC_PREPROCESSOR_DEFINITIONS = (
					"DEBUG=1",
					"$(inherited)",
				);
				GCC_SYMBOLS_PRIVATE_EXTERN = NO;
				GCC_WARN_64_TO_32_BIT_CONVERSION = YES;
				GCC_WARN_ABOUT_RETURN_TYPE = YES_ERROR;
				GCC_WARN_UNDECLARED_SELECTOR = YES;
				GCC_WARN_UNINITIALIZED_AUTOS = YES_AGGRESSIVE;
				GCC_WARN_UNUSED_FUNCTION = YES;
				GCC_WARN_UNUSED_VARIABLE = YES;
				IPHONEOS_DEPLOYMENT_TARGET = 7.1;
				ONLY_ACTIVE_ARCH = YES;
				SDKROOT = iphoneos;
			};
			name = Debug;
		};
		3B7A5AC219038C40004C1F02 /* Release */ = {
			isa = XCBuildConfiguration;
			buildSettings = {
				ALWAYS_SEARCH_USER_PATHS = NO;
				CLANG_CXX_LANGUAGE_STANDARD = "gnu++0x";
				CLANG_CXX_LIBRARY = "libc++";
				CLANG_ENABLE_MODULES = YES;
				CLANG_ENABLE_OBJC_ARC = NO;
				CLANG_WARN_BOOL_CONVERSION = YES;
				CLANG_WARN_CONSTANT_CONVERSION = YES;
				CLANG_WARN_DIRECT_OBJC_ISA_USAGE = YES_ERROR;
				CLANG_WARN_EMPTY_BODY = YES;
				CLANG_WARN_ENUM_CONVERSION = YES;
				CLANG_WARN_INT_CONVERSION = YES;
				CLANG_WARN_OBJC_ROOT_CLASS = YES_ERROR;
				CLANG_WARN__DUPLICATE_METHOD_MATCH = YES;
				"CODE_SIGN_IDENTITY[sdk=iphoneos*]" = "iPhone Developer";
				COPY_PHASE_STRIP = YES;
				ENABLE_NS_ASSERTIONS = NO;
				GCC_C_LANGUAGE_STANDARD = gnu99;
				GCC_WARN_64_TO_32_BIT_CONVERSION = YES;
				GCC_WARN_ABOUT_RETURN_TYPE = YES_ERROR;
				GCC_WARN_UNDECLARED_SELECTOR = YES;
				GCC_WARN_UNINITIALIZED_AUTOS = YES_AGGRESSIVE;
				GCC_WARN_UNUSED_FUNCTION = YES;
				GCC_WARN_UNUSED_VARIABLE = YES;
				IPHONEOS_DEPLOYMENT_TARGET = 7.1;
				SDKROOT = iphoneos;
				VALIDATE_PRODUCT = YES;
			};
			name = Release;
		};
		3B7A5AC419038C40004C1F02 /* Debug */ = {
			isa = XCBuildConfiguration;
			buildSettings = {
				ASSETCATALOG_COMPILER_APPICON_NAME = AppIcon;
				ASSETCATALOG_COMPILER_LAUNCHIMAGE_NAME = LaunchImage;
				GCC_PRECOMPILE_PREFIX_HEADER = YES;
				GCC_PREFIX_HEADER = "UIView_Animation_0420/UIView_Animation_0420-Prefix.pch";
				INFOPLIST_FILE = "UIView_Animation_0420/UIView_Animation_0420-Info.plist";
				PRODUCT_NAME = "$(TARGET_NAME)";
				WRAPPER_EXTENSION = app;
			};
			name = Debug;
		};
		3B7A5AC519038C40004C1F02 /* Release */ = {
			isa = XCBuildConfiguration;
			buildSettings = {
				ASSETCATALOG_COMPILER_APPICON_NAME = AppIcon;
				ASSETCATALOG_COMPILER_LAUNCHIMAGE_NAME = LaunchImage;
				GCC_PRECOMPILE_PREFIX_HEADER = YES;
				GCC_PREFIX_HEADER = "UIView_Animation_0420/UIView_Animation_0420-Prefix.pch";
				INFOPLIST_FILE = "UIView_Animation_0420/UIView_Animation_0420-Info.plist";
				PRODUCT_NAME = "$(TARGET_NAME)";
				WRAPPER_EXTENSION = app;
			};
			name = Release;
		};
		3B7A5AC719038C40004C1F02 /* Debug */ = {
			isa = XCBuildConfiguration;
			buildSettings = {
				BUNDLE_LOADER = "$(BUILT_PRODUCTS_DIR)/UIView_Animation_0420.app/UIView_Animation_0420";
				FRAMEWORK_SEARCH_PATHS = (
					"$(SDKROOT)/Developer/Library/Frameworks",
					"$(inherited)",
					"$(DEVELOPER_FRAMEWORKS_DIR)",
				);
				GCC_PRECOMPILE_PREFIX_HEADER = YES;
				GCC_PREFIX_HEADER = "UIView_Animation_0420/UIView_Animation_0420-Prefix.pch";
				GCC_PREPROCESSOR_DEFINITIONS = (
					"DEBUG=1",
					"$(inherited)",
				);
				INFOPLIST_FILE = "UIView_Animation_0420Tests/UIView_Animation_0420Tests-Info.plist";
				PRODUCT_NAME = "$(TARGET_NAME)";
				TEST_HOST = "$(BUNDLE_LOADER)";
				WRAPPER_EXTENSION = xctest;
			};
			name = Debug;
		};
		3B7A5AC819038C40004C1F02 /* Release */ = {
			isa = XCBuildConfiguration;
			buildSettings = {
				BUNDLE_LOADER = "$(BUILT_PRODUCTS_DIR)/UIView_Animation_0420.app/UIView_Animation_0420";
				FRAMEWORK_SEARCH_PATHS = (
					"$(SDKROOT)/Developer/Library/Frameworks",
					"$(inherited)",
					"$(DEVELOPER_FRAMEWORKS_DIR)",
				);
				GCC_PRECOMPILE_PREFIX_HEADER = YES;
				GCC_PREFIX_HEADER = "UIView_Animation_0420/UIView_Animation_0420-Prefix.pch";
				INFOPLIST_FILE = "UIView_Animation_0420Tests/UIView_Animation_0420Tests-Info.plist";
				PRODUCT_NAME = "$(TARGET_NAME)";
				TEST_HOST = "$(BUNDLE_LOADER)";
				WRAPPER_EXTENSION = xctest;
			};
			name = Release;
		};
/* End XCBuildConfiguration section */

/* Begin XCConfigurationList section */
		3B7A5A9219038C40004C1F02 /* Build configuration list for PBXProject "UIView_Animation_0420" */ = {
			isa = XCConfigurationList;
			buildConfigurations = (
				3B7A5AC119038C40004C1F02 /* Debug */,
				3B7A5AC219038C40004C1F02 /* Release */,
			);
			defaultConfigurationIsVisible = 0;
			defaultConfigurationName = Release;
		};
		3B7A5AC319038C40004C1F02 /* Build configuration list for PBXNativeTarget "UIView_Animation_0420" */ = {
			isa = XCConfigurationList;
			buildConfigurations = (
				3B7A5AC419038C40004C1F02 /* Debug */,
				3B7A5AC519038C40004C1F02 /* Release */,
			);
			defaultConfigurationIsVisible = 0;
		};
		3B7A5AC619038C40004C1F02 /* Build configuration list for PBXNativeTarget "UIView_Animation_0420Tests" */ = {
			isa = XCConfigurationList;
			buildConfigurations = (
				3B7A5AC719038C40004C1F02 /* Debug */,
				3B7A5AC819038C40004C1F02 /* Release */,
			);
			defaultConfigurationIsVisible = 0;
		};
/* End XCConfigurationList section */
	};
	rootObject = 3B7A5A8F19038C40004C1F02 /* Project object */;
}
