// !$*UTF8*$!
{
	archiveVersion = 1;
	classes = {
	};
	objectVersion = 46;
	objects = {

/* Begin PBXBuildFile section */
		3B813A7218FD3EFA0093FAEA /* Foundation.framework in Frameworks */ = {isa = PBXBuildFile; fileRef = 3B813A7118FD3EFA0093FAEA /* Foundation.framework */; };
		3B813A7418FD3EFA0093FAEA /* CoreGraphics.framework in Frameworks */ = {isa = PBXBuildFile; fileRef = 3B813A7318FD3EFA0093FAEA /* CoreGraphics.framework */; };
		3B813A7618FD3EFA0093FAEA /* UIKit.framework in Frameworks */ = {isa = PBXBuildFile; fileRef = 3B813A7518FD3EFA0093FAEA /* UIKit.framework */; };
		3B813A7C18FD3EFA0093FAEA /* InfoPlist.strings in Resources */ = {isa = PBXBuildFile; fileRef = 3B813A7A18FD3EFA0093FAEA /* InfoPlist.strings */; };
		3B813A7E18FD3EFA0093FAEA /* main.m in Sources */ = {isa = PBXBuildFile; fileRef = 3B813A7D18FD3EFA0093FAEA /* main.m */; };
		3B813A8218FD3EFA0093FAEA /* AppDelegate.m in Sources */ = {isa = PBXBuildFile; fileRef = 3B813A8118FD3EFA0093FAEA /* AppDelegate.m */; };
		3B813A8418FD3EFA0093FAEA /* Images.xcassets in Resources */ = {isa = PBXBuildFile; fileRef = 3B813A8318FD3EFA0093FAEA /* Images.xcassets */; };
		3B813A8B18FD3EFA0093FAEA /* XCTest.framework in Frameworks */ = {isa = PBXBuildFile; fileRef = 3B813A8A18FD3EFA0093FAEA /* XCTest.framework */; };
		3B813A8C18FD3EFA0093FAEA /* Foundation.framework in Frameworks */ = {isa = PBXBuildFile; fileRef = 3B813A7118FD3EFA0093FAEA /* Foundation.framework */; };
		3B813A8D18FD3EFA0093FAEA /* UIKit.framework in Frameworks */ = {isa = PBXBuildFile; fileRef = 3B813A7518FD3EFA0093FAEA /* UIKit.framework */; };
		3B813A9518FD3EFA0093FAEA /* InfoPlist.strings in Resources */ = {isa = PBXBuildFile; fileRef = 3B813A9318FD3EFA0093FAEA /* InfoPlist.strings */; };
		3B813A9718FD3EFA0093FAEA /* HelloWorld_0415Tests.m in Sources */ = {isa = PBXBuildFile; fileRef = 3B813A9618FD3EFA0093FAEA /* HelloWorld_0415Tests.m */; };
		3B813AA118FD3FA50093FAEA /* View.xib in Resources */ = {isa = PBXBuildFile; fileRef = 3B813AA018FD3FA50093FAEA /* View.xib */; };
/* End PBXBuildFile section */

/* Begin PBXContainerItemProxy section */
		3B813A8E18FD3EFA0093FAEA /* PBXContainerItemProxy */ = {
			isa = PBXContainerItemProxy;
			containerPortal = 3B813A6618FD3EF90093FAEA /* Project object */;
			proxyType = 1;
			remoteGlobalIDString = 3B813A6D18FD3EFA0093FAEA;
			remoteInfo = HelloWorld_0415;
		};
/* End PBXContainerItemProxy section */

/* Begin PBXFileReference section */
		3B813A6E18FD3EFA0093FAEA /* HelloWorld_0415.app */ = {isa = PBXFileReference; explicitFileType = wrapper.application; includeInIndex = 0; path = HelloWorld_0415.app; sourceTree = BUILT_PRODUCTS_DIR; };
		3B813A7118FD3EFA0093FAEA /* Foundation.framework */ = {isa = PBXFileReference; lastKnownFileType = wrapper.framework; name = Foundation.framework; path = System/Library/Frameworks/Foundation.framework; sourceTree = SDKROOT; };
		3B813A7318FD3EFA0093FAEA /* CoreGraphics.framework */ = {isa = PBXFileReference; lastKnownFileType = wrapper.framework; name = CoreGraphics.framework; path = System/Library/Frameworks/CoreGraphics.framework; sourceTree = SDKROOT; };
		3B813A7518FD3EFA0093FAEA /* UIKit.framework */ = {isa = PBXFileReference; lastKnownFileType = wrapper.framework; name = UIKit.framework; path = System/Library/Frameworks/UIKit.framework; sourceTree = SDKROOT; };
		3B813A7918FD3EFA0093FAEA /* HelloWorld_0415-Info.plist */ = {isa = PBXFileReference; lastKnownFileType = text.plist.xml; path = "HelloWorld_0415-Info.plist"; sourceTree = "<group>"; };
		3B813A7B18FD3EFA0093FAEA /* en */ = {isa = PBXFileReference; lastKnownFileType = text.plist.strings; name = en; path = en.lproj/InfoPlist.strings; sourceTree = "<group>"; };
		3B813A7D18FD3EFA0093FAEA /* main.m */ = {isa = PBXFileReference; lastKnownFileType = sourcecode.c.objc; path = main.m; sourceTree = "<group>"; };
		3B813A7F18FD3EFA0093FAEA /* HelloWorld_0415-Prefix.pch */ = {isa = PBXFileReference; lastKnownFileType = sourcecode.c.h; path = "HelloWorld_0415-Prefix.pch"; sourceTree = "<group>"; };
		3B813A8018FD3EFA0093FAEA /* AppDelegate.h */ = {isa = PBXFileReference; lastKnownFileType = sourcecode.c.h; path = AppDelegate.h; sourceTree = "<group>"; };
		3B813A8118FD3EFA0093FAEA /* AppDelegate.m */ = {isa = PBXFileReference; lastKnownFileType = sourcecode.c.objc; path = AppDelegate.m; sourceTree = "<group>"; };
		3B813A8318FD3EFA0093FAEA /* Images.xcassets */ = {isa = PBXFileReference; lastKnownFileType = folder.assetcatalog; path = Images.xcassets; sourceTree = "<group>"; };
		3B813A8918FD3EFA0093FAEA /* HelloWorld_0415Tests.xctest */ = {isa = PBXFileReference; explicitFileType = wrapper.cfbundle; includeInIndex = 0; path = HelloWorld_0415Tests.xctest; sourceTree = BUILT_PRODUCTS_DIR; };
		3B813A8A18FD3EFA0093FAEA /* XCTest.framework */ = {isa = PBXFileReference; lastKnownFileType = wrapper.framework; name = XCTest.framework; path = Library/Frameworks/XCTest.framework; sourceTree = DEVELOPER_DIR; };
		3B813A9218FD3EFA0093FAEA /* HelloWorld_0415Tests-Info.plist */ = {isa = PBXFileReference; lastKnownFileType = text.plist.xml; path = "HelloWorld_0415Tests-Info.plist"; sourceTree = "<group>"; };
		3B813A9418FD3EFA0093FAEA /* en */ = {isa = PBXFileReference; lastKnownFileType = text.plist.strings; name = en; path = en.lproj/InfoPlist.strings; sourceTree = "<group>"; };
		3B813A9618FD3EFA0093FAEA /* HelloWorld_0415Tests.m */ = {isa = PBXFileReference; lastKnownFileType = sourcecode.c.objc; path = HelloWorld_0415Tests.m; sourceTree = "<group>"; };
		3B813AA018FD3FA50093FAEA /* View.xib */ = {isa = PBXFileReference; fileEncoding = 4; lastKnownFileType = file.xib; path = View.xib; sourceTree = "<group>"; };
/* End PBXFileReference section */

/* Begin PBXFrameworksBuildPhase section */
		3B813A6B18FD3EFA0093FAEA /* Frameworks */ = {
			isa = PBXFrameworksBuildPhase;
			buildActionMask = 2147483647;
			files = (
				3B813A7418FD3EFA0093FAEA /* CoreGraphics.framework in Frameworks */,
				3B813A7618FD3EFA0093FAEA /* UIKit.framework in Frameworks */,
				3B813A7218FD3EFA0093FAEA /* Foundation.framework in Frameworks */,
			);
			runOnlyForDeploymentPostprocessing = 0;
		};
		3B813A8618FD3EFA0093FAEA /* Frameworks */ = {
			isa = PBXFrameworksBuildPhase;
			buildActionMask = 2147483647;
			files = (
				3B813A8B18FD3EFA0093FAEA /* XCTest.framework in Frameworks */,
				3B813A8D18FD3EFA0093FAEA /* UIKit.framework in Frameworks */,
				3B813A8C18FD3EFA0093FAEA /* Foundation.framework in Frameworks */,
			);
			runOnlyForDeploymentPostprocessing = 0;
		};
/* End PBXFrameworksBuildPhase section */

/* Begin PBXGroup section */
		3B813A6518FD3EF90093FAEA = {
			isa = PBXGroup;
			children = (
				3B813A7718FD3EFA0093FAEA /* HelloWorld_0415 */,
				3B813A9018FD3EFA0093FAEA /* HelloWorld_0415Tests */,
				3B813A7018FD3EFA0093FAEA /* Frameworks */,
				3B813A6F18FD3EFA0093FAEA /* Products */,
			);
			sourceTree = "<group>";
		};
		3B813A6F18FD3EFA0093FAEA /* Products */ = {
			isa = PBXGroup;
			children = (
				3B813A6E18FD3EFA0093FAEA /* HelloWorld_0415.app */,
				3B813A8918FD3EFA0093FAEA /* HelloWorld_0415Tests.xctest */,
			);
			name = Products;
			sourceTree = "<group>";
		};
		3B813A7018FD3EFA0093FAEA /* Frameworks */ = {
			isa = PBXGroup;
			children = (
				3B813A7118FD3EFA0093FAEA /* Foundation.framework */,
				3B813A7318FD3EFA0093FAEA /* CoreGraphics.framework */,
				3B813A7518FD3EFA0093FAEA /* UIKit.framework */,
				3B813A8A18FD3EFA0093FAEA /* XCTest.framework */,
			);
			name = Frameworks;
			sourceTree = "<group>";
		};
		3B813A7718FD3EFA0093FAEA /* HelloWorld_0415 */ = {
			isa = PBXGroup;
			children = (
				3B813A8018FD3EFA0093FAEA /* AppDelegate.h */,
				3B813A8118FD3EFA0093FAEA /* AppDelegate.m */,
				3B813AA018FD3FA50093FAEA /* View.xib */,
				3B813A8318FD3EFA0093FAEA /* Images.xcassets */,
				3B813A7818FD3EFA0093FAEA /* Supporting Files */,
			);
			path = HelloWorld_0415;
			sourceTree = "<group>";
		};
		3B813A7818FD3EFA0093FAEA /* Supporting Files */ = {
			isa = PBXGroup;
			children = (
				3B813A7918FD3EFA0093FAEA /* HelloWorld_0415-Info.plist */,
				3B813A7A18FD3EFA0093FAEA /* InfoPlist.strings */,
				3B813A7D18FD3EFA0093FAEA /* main.m */,
				3B813A7F18FD3EFA0093FAEA /* HelloWorld_0415-Prefix.pch */,
			);
			name = "Supporting Files";
			sourceTree = "<group>";
		};
		3B813A9018FD3EFA0093FAEA /* HelloWorld_0415Tests */ = {
			isa = PBXGroup;
			children = (
				3B813A9618FD3EFA0093FAEA /* HelloWorld_0415Tests.m */,
				3B813A9118FD3EFA0093FAEA /* Supporting Files */,
			);
			path = HelloWorld_0415Tests;
			sourceTree = "<group>";
		};
		3B813A9118FD3EFA0093FAEA /* Supporting Files */ = {
			isa = PBXGroup;
			children = (
				3B813A9218FD3EFA0093FAEA /* HelloWorld_0415Tests-Info.plist */,
				3B813A9318FD3EFA0093FAEA /* InfoPlist.strings */,
			);
			name = "Supporting Files";
			sourceTree = "<group>";
		};
/* End PBXGroup section */

/* Begin PBXNativeTarget section */
		3B813A6D18FD3EFA0093FAEA /* HelloWorld_0415 */ = {
			isa = PBXNativeTarget;
			buildConfigurationList = 3B813A9A18FD3EFA0093FAEA /* Build configuration list for PBXNativeTarget "HelloWorld_0415" */;
			buildPhases = (
				3B813A6A18FD3EFA0093FAEA /* Sources */,
				3B813A6B18FD3EFA0093FAEA /* Frameworks */,
				3B813A6C18FD3EFA0093FAEA /* Resources */,
			);
			buildRules = (
			);
			dependencies = (
			);
			name = HelloWorld_0415;
			productName = HelloWorld_0415;
			productReference = 3B813A6E18FD3EFA0093FAEA /* HelloWorld_0415.app */;
			productType = "com.apple.product-type.application";
		};
		3B813A8818FD3EFA0093FAEA /* HelloWorld_0415Tests */ = {
			isa = PBXNativeTarget;
			buildConfigurationList = 3B813A9D18FD3EFA0093FAEA /* Build configuration list for PBXNativeTarget "HelloWorld_0415Tests" */;
			buildPhases = (
				3B813A8518FD3EFA0093FAEA /* Sources */,
				3B813A8618FD3EFA0093FAEA /* Frameworks */,
				3B813A8718FD3EFA0093FAEA /* Resources */,
			);
			buildRules = (
			);
			dependencies = (
				3B813A8F18FD3EFA0093FAEA /* PBXTargetDependency */,
			);
			name = HelloWorld_0415Tests;
			productName = HelloWorld_0415Tests;
			productReference = 3B813A8918FD3EFA0093FAEA /* HelloWorld_0415Tests.xctest */;
			productType = "com.apple.product-type.bundle.unit-test";
		};
/* End PBXNativeTarget section */

/* Begin PBXProject section */
		3B813A6618FD3EF90093FAEA /* Project object */ = {
			isa = PBXProject;
			attributes = {
				LastUpgradeCheck = 0510;
				ORGANIZATIONNAME = "pan dabo";
				TargetAttributes = {
					3B813A8818FD3EFA0093FAEA = {
						TestTargetID = 3B813A6D18FD3EFA0093FAEA;
					};
				};
			};
			buildConfigurationList = 3B813A6918FD3EF90093FAEA /* Build configuration list for PBXProject "HelloWorld_0415" */;
			compatibilityVersion = "Xcode 3.2";
			developmentRegion = English;
			hasScannedForEncodings = 0;
			knownRegions = (
				en,
			);
			mainGroup = 3B813A6518FD3EF90093FAEA;
			productRefGroup = 3B813A6F18FD3EFA0093FAEA /* Products */;
			projectDirPath = "";
			projectRoot = "";
			targets = (
				3B813A6D18FD3EFA0093FAEA /* HelloWorld_0415 */,
				3B813A8818FD3EFA0093FAEA /* HelloWorld_0415Tests */,
			);
		};
/* End PBXProject section */

/* Begin PBXResourcesBuildPhase section */
		3B813A6C18FD3EFA0093FAEA /* Resources */ = {
			isa = PBXResourcesBuildPhase;
			buildActionMask = 2147483647;
			files = (
				3B813A7C18FD3EFA0093FAEA /* InfoPlist.strings in Resources */,
				3B813AA118FD3FA50093FAEA /* View.xib in Resources */,
				3B813A8418FD3EFA0093FAEA /* Images.xcassets in Resources */,
			);
			runOnlyForDeploymentPostprocessing = 0;
		};
		3B813A8718FD3EFA0093FAEA /* Resources */ = {
			isa = PBXResourcesBuildPhase;
			buildActionMask = 2147483647;
			files = (
				3B813A9518FD3EFA0093FAEA /* InfoPlist.strings in Resources */,
			);
			runOnlyForDeploymentPostprocessing = 0;
		};
/* End PBXResourcesBuildPhase section */

/* Begin PBXSourcesBuildPhase section */
		3B813A6A18FD3EFA0093FAEA /* Sources */ = {
			isa = PBXSourcesBuildPhase;
			buildActionMask = 2147483647;
			files = (
				3B813A8218FD3EFA0093FAEA /* AppDelegate.m in Sources */,
				3B813A7E18FD3EFA0093FAEA /* main.m in Sources */,
			);
			runOnlyForDeploymentPostprocessing = 0;
		};
		3B813A8518FD3EFA0093FAEA /* Sources */ = {
			isa = PBXSourcesBuildPhase;
			buildActionMask = 2147483647;
			files = (
				3B813A9718FD3EFA0093FAEA /* HelloWorld_0415Tests.m in Sources */,
			);
			runOnlyForDeploymentPostprocessing = 0;
		};
/* End PBXSourcesBuildPhase section */

/* Begin PBXTargetDependency section */
		3B813A8F18FD3EFA0093FAEA /* PBXTargetDependency */ = {
			isa = PBXTargetDependency;
			target = 3B813A6D18FD3EFA0093FAEA /* HelloWorld_0415 */;
			targetProxy = 3B813A8E18FD3EFA0093FAEA /* PBXContainerItemProxy */;
		};
/* End PBXTargetDependency section */

/* Begin PBXVariantGroup section */
		3B813A7A18FD3EFA0093FAEA /* InfoPlist.strings */ = {
			isa = PBXVariantGroup;
			children = (
				3B813A7B18FD3EFA0093FAEA /* en */,
			);
			name = InfoPlist.strings;
			sourceTree = "<group>";
		};
		3B813A9318FD3EFA0093FAEA /* InfoPlist.strings */ = {
			isa = PBXVariantGroup;
			children = (
				3B813A9418FD3EFA0093FAEA /* en */,
			);
			name = InfoPlist.strings;
			sourceTree = "<group>";
		};
/* End PBXVariantGroup section */

/* Begin XCBuildConfiguration section */
		3B813A9818FD3EFA0093FAEA /* Debug */ = {
			isa = XCBuildConfiguration;
			buildSettings = {
				ALWAYS_SEARCH_USER_PATHS = NO;
				CLANG_CXX_LANGUAGE_STANDARD = "gnu++0x";
				CLANG_CXX_LIBRARY = "libc++";
				CLANG_ENABLE_MODULES = YES;
				CLANG_ENABLE_OBJC_ARC = NO;
				CLANG_WARN_BOOL_CONVERSION = YES;
				CLANG_WARN_CONSTANT_CONVERSION = YES;
				CLANG_WARN_DIRECT_OBJC_ISA_USAGE = YES_ERROR;
				CLANG_WARN_EMPTY_BODY = YES;
				CLANG_WARN_ENUM_CONVERSION = YES;
				CLANG_WARN_INT_CONVERSION = YES;
				CLANG_WARN_OBJC_ROOT_CLASS = YES_ERROR;
				CLANG_WARN__DUPLICATE_METHOD_MATCH = YES;
				"CODE_SIGN_IDENTITY[sdk=iphoneos*]" = "iPhone Developer";
				COPY_PHASE_STRIP = NO;
				GCC_C_LANGUAGE_STANDARD = gnu99;
				GCC_DYNAMIC_NO_PIC = NO;
				GCC_OPTIMIZATION_LEVEL = 0;
				GCC_PREPROCESSOR_DEFINITIONS = (
					"DEBUG=1",
					"$(inherited)",
				);
				GCC_SYMBOLS_PRIVATE_EXTERN = NO;
				GCC_WARN_64_TO_32_BIT_CONVERSION = YES;
				GCC_WARN_ABOUT_RETURN_TYPE = YES_ERROR;
				GCC_WARN_UNDECLARED_SELECTOR = YES;
				GCC_WARN_UNINITIALIZED_AUTOS = YES_AGGRESSIVE;
				GCC_WARN_UNUSED_FUNCTION = YES;
				GCC_WARN_UNUSED_VARIABLE = YES;
				IPHONEOS_DEPLOYMENT_TARGET = 7.1;
				ONLY_ACTIVE_ARCH = YES;
				SDKROOT = iphoneos;
			};
			name = Debug;
		};
		3B813A9918FD3EFA0093FAEA /* Release */ = {
			isa = XCBuildConfiguration;
			buildSettings = {
				ALWAYS_SEARCH_USER_PATHS = NO;
				CLANG_CXX_LANGUAGE_STANDARD = "gnu++0x";
				CLANG_CXX_LIBRARY = "libc++";
				CLANG_ENABLE_MODULES = YES;
				CLANG_ENABLE_OBJC_ARC = NO;
				CLANG_WARN_BOOL_CONVERSION = YES;
				CLANG_WARN_CONSTANT_CONVERSION = YES;
				CLANG_WARN_DIRECT_OBJC_ISA_USAGE = YES_ERROR;
				CLANG_WARN_EMPTY_BODY = YES;
				CLANG_WARN_ENUM_CONVERSION = YES;
				CLANG_WARN_INT_CONVERSION = YES;
				CLANG_WARN_OBJC_ROOT_CLASS = YES_ERROR;
				CLANG_WARN__DUPLICATE_METHOD_MATCH = YES;
				"CODE_SIGN_IDENTITY[sdk=iphoneos*]" = "iPhone Developer";
				COPY_PHASE_STRIP = YES;
				ENABLE_NS_ASSERTIONS = NO;
				GCC_C_LANGUAGE_STANDARD = gnu99;
				GCC_WARN_64_TO_32_BIT_CONVERSION = YES;
				GCC_WARN_ABOUT_RETURN_TYPE = YES_ERROR;
				GCC_WARN_UNDECLARED_SELECTOR = YES;
				GCC_WARN_UNINITIALIZED_AUTOS = YES_AGGRESSIVE;
				GCC_WARN_UNUSED_FUNCTION = YES;
				GCC_WARN_UNUSED_VARIABLE = YES;
				IPHONEOS_DEPLOYMENT_TARGET = 7.1;
				SDKROOT = iphoneos;
				VALIDATE_PRODUCT = YES;
			};
			name = Release;
		};
		3B813A9B18FD3EFA0093FAEA /* Debug */ = {
			isa = XCBuildConfiguration;
			buildSettings = {
				ASSETCATALOG_COMPILER_APPICON_NAME = AppIcon;
				ASSETCATALOG_COMPILER_LAUNCHIMAGE_NAME = LaunchImage;
				GCC_PRECOMPILE_PREFIX_HEADER = YES;
				GCC_PREFIX_HEADER = "HelloWorld_0415/HelloWorld_0415-Prefix.pch";
				INFOPLIST_FILE = "HelloWorld_0415/HelloWorld_0415-Info.plist";
				PRODUCT_NAME = "$(TARGET_NAME)";
				WRAPPER_EXTENSION = app;
			};
			name = Debug;
		};
		3B813A9C18FD3EFA0093FAEA /* Release */ = {
			isa = XCBuildConfiguration;
			buildSettings = {
				ASSETCATALOG_COMPILER_APPICON_NAME = AppIcon;
				ASSETCATALOG_COMPILER_LAUNCHIMAGE_NAME = LaunchImage;
				GCC_PRECOMPILE_PREFIX_HEADER = YES;
				GCC_PREFIX_HEADER = "HelloWorld_0415/HelloWorld_0415-Prefix.pch";
				INFOPLIST_FILE = "HelloWorld_0415/HelloWorld_0415-Info.plist";
				PRODUCT_NAME = "$(TARGET_NAME)";
				WRAPPER_EXTENSION = app;
			};
			name = Release;
		};
		3B813A9E18FD3EFA0093FAEA /* Debug */ = {
			isa = XCBuildConfiguration;
			buildSettings = {
				BUNDLE_LOADER = "$(BUILT_PRODUCTS_DIR)/HelloWorld_0415.app/HelloWorld_0415";
				FRAMEWORK_SEARCH_PATHS = (
					"$(SDKROOT)/Developer/Library/Frameworks",
					"$(inherited)",
					"$(DEVELOPER_FRAMEWORKS_DIR)",
				);
				GCC_PRECOMPILE_PREFIX_HEADER = YES;
				GCC_PREFIX_HEADER = "HelloWorld_0415/HelloWorld_0415-Prefix.pch";
				GCC_PREPROCESSOR_DEFINITIONS = (
					"DEBUG=1",
					"$(inherited)",
				);
				INFOPLIST_FILE = "HelloWorld_0415Tests/HelloWorld_0415Tests-Info.plist";
				PRODUCT_NAME = "$(TARGET_NAME)";
				TEST_HOST = "$(BUNDLE_LOADER)";
				WRAPPER_EXTENSION = xctest;
			};
			name = Debug;
		};
		3B813A9F18FD3EFA0093FAEA /* Release */ = {
			isa = XCBuildConfiguration;
			buildSettings = {
				BUNDLE_LOADER = "$(BUILT_PRODUCTS_DIR)/HelloWorld_0415.app/HelloWorld_0415";
				FRAMEWORK_SEARCH_PATHS = (
					"$(SDKROOT)/Developer/Library/Frameworks",
					"$(inherited)",
					"$(DEVELOPER_FRAMEWORKS_DIR)",
				);
				GCC_PRECOMPILE_PREFIX_HEADER = YES;
				GCC_PREFIX_HEADER = "HelloWorld_0415/HelloWorld_0415-Prefix.pch";
				INFOPLIST_FILE = "HelloWorld_0415Tests/HelloWorld_0415Tests-Info.plist";
				PRODUCT_NAME = "$(TARGET_NAME)";
				TEST_HOST = "$(BUNDLE_LOADER)";
				WRAPPER_EXTENSION = xctest;
			};
			name = Release;
		};
/* End XCBuildConfiguration section */

/* Begin XCConfigurationList section */
		3B813A6918FD3EF90093FAEA /* Build configuration list for PBXProject "HelloWorld_0415" */ = {
			isa = XCConfigurationList;
			buildConfigurations = (
				3B813A9818FD3EFA0093FAEA /* Debug */,
				3B813A9918FD3EFA0093FAEA /* Release */,
			);
			defaultConfigurationIsVisible = 0;
			defaultConfigurationName = Release;
		};
		3B813A9A18FD3EFA0093FAEA /* Build configuration list for PBXNativeTarget "HelloWorld_0415" */ = {
			isa = XCConfigurationList;
			buildConfigurations = (
				3B813A9B18FD3EFA0093FAEA /* Debug */,
				3B813A9C18FD3EFA0093FAEA /* Release */,
			);
			defaultConfigurationIsVisible = 0;
			defaultConfigurationName = Release;
		};
		3B813A9D18FD3EFA0093FAEA /* Build configuration list for PBXNativeTarget "HelloWorld_0415Tests" */ = {
			isa = XCConfigurationList;
			buildConfigurations = (
				3B813A9E18FD3EFA0093FAEA /* Debug */,
				3B813A9F18FD3EFA0093FAEA /* Release */,
			);
			defaultConfigurationIsVisible = 0;
			defaultConfigurationName = Release;
		};
/* End XCConfigurationList section */
	};
	rootObject = 3B813A6618FD3EF90093FAEA /* Project object */;
}
