// !$*UTF8*$!
{
	archiveVersion = 1;
	classes = {
	};
	objectVersion = 46;
	objects = {

/* Begin PBXBuildFile section */
		3BB50779190C80250048252A /* Foundation.framework in Frameworks */ = {isa = PBXBuildFile; fileRef = 3BB50778190C80250048252A /* Foundation.framework */; };
		3BB5077B190C80250048252A /* CoreGraphics.framework in Frameworks */ = {isa = PBXBuildFile; fileRef = 3BB5077A190C80250048252A /* CoreGraphics.framework */; };
		3BB5077D190C80250048252A /* UIKit.framework in Frameworks */ = {isa = PBXBuildFile; fileRef = 3BB5077C190C80250048252A /* UIKit.framework */; };
		3BB50783190C80250048252A /* InfoPlist.strings in Resources */ = {isa = PBXBuildFile; fileRef = 3BB50781190C80250048252A /* InfoPlist.strings */; };
		3BB50785190C80250048252A /* main.m in Sources */ = {isa = PBXBuildFile; fileRef = 3BB50784190C80250048252A /* main.m */; };
		3BB50789190C80250048252A /* AppDelegate.m in Sources */ = {isa = PBXBuildFile; fileRef = 3BB50788190C80250048252A /* AppDelegate.m */; };
		3BB5078B190C80250048252A /* Images.xcassets in Resources */ = {isa = PBXBuildFile; fileRef = 3BB5078A190C80250048252A /* Images.xcassets */; };
		3BB50792190C80250048252A /* XCTest.framework in Frameworks */ = {isa = PBXBuildFile; fileRef = 3BB50791190C80250048252A /* XCTest.framework */; };
		3BB50793190C80250048252A /* Foundation.framework in Frameworks */ = {isa = PBXBuildFile; fileRef = 3BB50778190C80250048252A /* Foundation.framework */; };
		3BB50794190C80250048252A /* UIKit.framework in Frameworks */ = {isa = PBXBuildFile; fileRef = 3BB5077C190C80250048252A /* UIKit.framework */; };
		3BB5079C190C80250048252A /* InfoPlist.strings in Resources */ = {isa = PBXBuildFile; fileRef = 3BB5079A190C80250048252A /* InfoPlist.strings */; };
		3BB5079E190C80250048252A /* UIButton_0427Tests.m in Sources */ = {isa = PBXBuildFile; fileRef = 3BB5079D190C80250048252A /* UIButton_0427Tests.m */; };
/* End PBXBuildFile section */

/* Begin PBXContainerItemProxy section */
		3BB50795190C80250048252A /* PBXContainerItemProxy */ = {
			isa = PBXContainerItemProxy;
			containerPortal = 3BB5076D190C80250048252A /* Project object */;
			proxyType = 1;
			remoteGlobalIDString = 3BB50774190C80250048252A;
			remoteInfo = UIButton_0427;
		};
/* End PBXContainerItemProxy section */

/* Begin PBXFileReference section */
		3BB50775190C80250048252A /* UIButton_0427.app */ = {isa = PBXFileReference; explicitFileType = wrapper.application; includeInIndex = 0; path = UIButton_0427.app; sourceTree = BUILT_PRODUCTS_DIR; };
		3BB50778190C80250048252A /* Foundation.framework */ = {isa = PBXFileReference; lastKnownFileType = wrapper.framework; name = Foundation.framework; path = System/Library/Frameworks/Foundation.framework; sourceTree = SDKROOT; };
		3BB5077A190C80250048252A /* CoreGraphics.framework */ = {isa = PBXFileReference; lastKnownFileType = wrapper.framework; name = CoreGraphics.framework; path = System/Library/Frameworks/CoreGraphics.framework; sourceTree = SDKROOT; };
		3BB5077C190C80250048252A /* UIKit.framework */ = {isa = PBXFileReference; lastKnownFileType = wrapper.framework; name = UIKit.framework; path = System/Library/Frameworks/UIKit.framework; sourceTree = SDKROOT; };
		3BB50780190C80250048252A /* UIButton_0427-Info.plist */ = {isa = PBXFileReference; lastKnownFileType = text.plist.xml; path = "UIButton_0427-Info.plist"; sourceTree = "<group>"; };
		3BB50782190C80250048252A /* en */ = {isa = PBXFileReference; lastKnownFileType = text.plist.strings; name = en; path = en.lproj/InfoPlist.strings; sourceTree = "<group>"; };
		3BB50784190C80250048252A /* main.m */ = {isa = PBXFileReference; lastKnownFileType = sourcecode.c.objc; path = main.m; sourceTree = "<group>"; };
		3BB50786190C80250048252A /* UIButton_0427-Prefix.pch */ = {isa = PBXFileReference; lastKnownFileType = sourcecode.c.h; path = "UIButton_0427-Prefix.pch"; sourceTree = "<group>"; };
		3BB50787190C80250048252A /* AppDelegate.h */ = {isa = PBXFileReference; lastKnownFileType = sourcecode.c.h; path = AppDelegate.h; sourceTree = "<group>"; };
		3BB50788190C80250048252A /* AppDelegate.m */ = {isa = PBXFileReference; lastKnownFileType = sourcecode.c.objc; path = AppDelegate.m; sourceTree = "<group>"; };
		3BB5078A190C80250048252A /* Images.xcassets */ = {isa = PBXFileReference; lastKnownFileType = folder.assetcatalog; path = Images.xcassets; sourceTree = "<group>"; };
		3BB50790190C80250048252A /* UIButton_0427Tests.xctest */ = {isa = PBXFileReference; explicitFileType = wrapper.cfbundle; includeInIndex = 0; path = UIButton_0427Tests.xctest; sourceTree = BUILT_PRODUCTS_DIR; };
		3BB50791190C80250048252A /* XCTest.framework */ = {isa = PBXFileReference; lastKnownFileType = wrapper.framework; name = XCTest.framework; path = Library/Frameworks/XCTest.framework; sourceTree = DEVELOPER_DIR; };
		3BB50799190C80250048252A /* UIButton_0427Tests-Info.plist */ = {isa = PBXFileReference; lastKnownFileType = text.plist.xml; path = "UIButton_0427Tests-Info.plist"; sourceTree = "<group>"; };
		3BB5079B190C80250048252A /* en */ = {isa = PBXFileReference; lastKnownFileType = text.plist.strings; name = en; path = en.lproj/InfoPlist.strings; sourceTree = "<group>"; };
		3BB5079D190C80250048252A /* UIButton_0427Tests.m */ = {isa = PBXFileReference; lastKnownFileType = sourcecode.c.objc; path = UIButton_0427Tests.m; sourceTree = "<group>"; };
/* End PBXFileReference section */

/* Begin PBXFrameworksBuildPhase section */
		3BB50772190C80250048252A /* Frameworks */ = {
			isa = PBXFrameworksBuildPhase;
			buildActionMask = 2147483647;
			files = (
				3BB5077B190C80250048252A /* CoreGraphics.framework in Frameworks */,
				3BB5077D190C80250048252A /* UIKit.framework in Frameworks */,
				3BB50779190C80250048252A /* Foundation.framework in Frameworks */,
			);
			runOnlyForDeploymentPostprocessing = 0;
		};
		3BB5078D190C80250048252A /* Frameworks */ = {
			isa = PBXFrameworksBuildPhase;
			buildActionMask = 2147483647;
			files = (
				3BB50792190C80250048252A /* XCTest.framework in Frameworks */,
				3BB50794190C80250048252A /* UIKit.framework in Frameworks */,
				3BB50793190C80250048252A /* Foundation.framework in Frameworks */,
			);
			runOnlyForDeploymentPostprocessing = 0;
		};
/* End PBXFrameworksBuildPhase section */

/* Begin PBXGroup section */
		3BB5076C190C80250048252A = {
			isa = PBXGroup;
			children = (
				3BB5077E190C80250048252A /* UIButton_0427 */,
				3BB50797190C80250048252A /* UIButton_0427Tests */,
				3BB50777190C80250048252A /* Frameworks */,
				3BB50776190C80250048252A /* Products */,
			);
			sourceTree = "<group>";
		};
		3BB50776190C80250048252A /* Products */ = {
			isa = PBXGroup;
			children = (
				3BB50775190C80250048252A /* UIButton_0427.app */,
				3BB50790190C80250048252A /* UIButton_0427Tests.xctest */,
			);
			name = Products;
			sourceTree = "<group>";
		};
		3BB50777190C80250048252A /* Frameworks */ = {
			isa = PBXGroup;
			children = (
				3BB50778190C80250048252A /* Foundation.framework */,
				3BB5077A190C80250048252A /* CoreGraphics.framework */,
				3BB5077C190C80250048252A /* UIKit.framework */,
				3BB50791190C80250048252A /* XCTest.framework */,
			);
			name = Frameworks;
			sourceTree = "<group>";
		};
		3BB5077E190C80250048252A /* UIButton_0427 */ = {
			isa = PBXGroup;
			children = (
				3BB50787190C80250048252A /* AppDelegate.h */,
				3BB50788190C80250048252A /* AppDelegate.m */,
				3BB5078A190C80250048252A /* Images.xcassets */,
				3BB5077F190C80250048252A /* Supporting Files */,
			);
			path = UIButton_0427;
			sourceTree = "<group>";
		};
		3BB5077F190C80250048252A /* Supporting Files */ = {
			isa = PBXGroup;
			children = (
				3BB50780190C80250048252A /* UIButton_0427-Info.plist */,
				3BB50781190C80250048252A /* InfoPlist.strings */,
				3BB50784190C80250048252A /* main.m */,
				3BB50786190C80250048252A /* UIButton_0427-Prefix.pch */,
			);
			name = "Supporting Files";
			sourceTree = "<group>";
		};
		3BB50797190C80250048252A /* UIButton_0427Tests */ = {
			isa = PBXGroup;
			children = (
				3BB5079D190C80250048252A /* UIButton_0427Tests.m */,
				3BB50798190C80250048252A /* Supporting Files */,
			);
			path = UIButton_0427Tests;
			sourceTree = "<group>";
		};
		3BB50798190C80250048252A /* Supporting Files */ = {
			isa = PBXGroup;
			children = (
				3BB50799190C80250048252A /* UIButton_0427Tests-Info.plist */,
				3BB5079A190C80250048252A /* InfoPlist.strings */,
			);
			name = "Supporting Files";
			sourceTree = "<group>";
		};
/* End PBXGroup section */

/* Begin PBXNativeTarget section */
		3BB50774190C80250048252A /* UIButton_0427 */ = {
			isa = PBXNativeTarget;
			buildConfigurationList = 3BB507A1190C80250048252A /* Build configuration list for PBXNativeTarget "UIButton_0427" */;
			buildPhases = (
				3BB50771190C80250048252A /* Sources */,
				3BB50772190C80250048252A /* Frameworks */,
				3BB50773190C80250048252A /* Resources */,
			);
			buildRules = (
			);
			dependencies = (
			);
			name = UIButton_0427;
			productName = UIButton_0427;
			productReference = 3BB50775190C80250048252A /* UIButton_0427.app */;
			productType = "com.apple.product-type.application";
		};
		3BB5078F190C80250048252A /* UIButton_0427Tests */ = {
			isa = PBXNativeTarget;
			buildConfigurationList = 3BB507A4190C80250048252A /* Build configuration list for PBXNativeTarget "UIButton_0427Tests" */;
			buildPhases = (
				3BB5078C190C80250048252A /* Sources */,
				3BB5078D190C80250048252A /* Frameworks */,
				3BB5078E190C80250048252A /* Resources */,
			);
			buildRules = (
			);
			dependencies = (
				3BB50796190C80250048252A /* PBXTargetDependency */,
			);
			name = UIButton_0427Tests;
			productName = UIButton_0427Tests;
			productReference = 3BB50790190C80250048252A /* UIButton_0427Tests.xctest */;
			productType = "com.apple.product-type.bundle.unit-test";
		};
/* End PBXNativeTarget section */

/* Begin PBXProject section */
		3BB5076D190C80250048252A /* Project object */ = {
			isa = PBXProject;
			attributes = {
				LastUpgradeCheck = 0510;
				ORGANIZATIONNAME = "pan dabo";
				TargetAttributes = {
					3BB5078F190C80250048252A = {
						TestTargetID = 3BB50774190C80250048252A;
					};
				};
			};
			buildConfigurationList = 3BB50770190C80250048252A /* Build configuration list for PBXProject "UIButton_0427" */;
			compatibilityVersion = "Xcode 3.2";
			developmentRegion = English;
			hasScannedForEncodings = 0;
			knownRegions = (
				en,
			);
			mainGroup = 3BB5076C190C80250048252A;
			productRefGroup = 3BB50776190C80250048252A /* Products */;
			projectDirPath = "";
			projectRoot = "";
			targets = (
				3BB50774190C80250048252A /* UIButton_0427 */,
				3BB5078F190C80250048252A /* UIButton_0427Tests */,
			);
		};
/* End PBXProject section */

/* Begin PBXResourcesBuildPhase section */
		3BB50773190C80250048252A /* Resources */ = {
			isa = PBXResourcesBuildPhase;
			buildActionMask = 2147483647;
			files = (
				3BB50783190C80250048252A /* InfoPlist.strings in Resources */,
				3BB5078B190C80250048252A /* Images.xcassets in Resources */,
			);
			runOnlyForDeploymentPostprocessing = 0;
		};
		3BB5078E190C80250048252A /* Resources */ = {
			isa = PBXResourcesBuildPhase;
			buildActionMask = 2147483647;
			files = (
				3BB5079C190C80250048252A /* InfoPlist.strings in Resources */,
			);
			runOnlyForDeploymentPostprocessing = 0;
		};
/* End PBXResourcesBuildPhase section */

/* Begin PBXSourcesBuildPhase section */
		3BB50771190C80250048252A /* Sources */ = {
			isa = PBXSourcesBuildPhase;
			buildActionMask = 2147483647;
			files = (
				3BB50789190C80250048252A /* AppDelegate.m in Sources */,
				3BB50785190C80250048252A /* main.m in Sources */,
			);
			runOnlyForDeploymentPostprocessing = 0;
		};
		3BB5078C190C80250048252A /* Sources */ = {
			isa = PBXSourcesBuildPhase;
			buildActionMask = 2147483647;
			files = (
				3BB5079E190C80250048252A /* UIButton_0427Tests.m in Sources */,
			);
			runOnlyForDeploymentPostprocessing = 0;
		};
/* End PBXSourcesBuildPhase section */

/* Begin PBXTargetDependency section */
		3BB50796190C80250048252A /* PBXTargetDependency */ = {
			isa = PBXTargetDependency;
			target = 3BB50774190C80250048252A /* UIButton_0427 */;
			targetProxy = 3BB50795190C80250048252A /* PBXContainerItemProxy */;
		};
/* End PBXTargetDependency section */

/* Begin PBXVariantGroup section */
		3BB50781190C80250048252A /* InfoPlist.strings */ = {
			isa = PBXVariantGroup;
			children = (
				3BB50782190C80250048252A /* en */,
			);
			name = InfoPlist.strings;
			sourceTree = "<group>";
		};
		3BB5079A190C80250048252A /* InfoPlist.strings */ = {
			isa = PBXVariantGroup;
			children = (
				3BB5079B190C80250048252A /* en */,
			);
			name = InfoPlist.strings;
			sourceTree = "<group>";
		};
/* End PBXVariantGroup section */

/* Begin XCBuildConfiguration section */
		3BB5079F190C80250048252A /* Debug */ = {
			isa = XCBuildConfiguration;
			buildSettings = {
				ALWAYS_SEARCH_USER_PATHS = NO;
				CLANG_CXX_LANGUAGE_STANDARD = "gnu++0x";
				CLANG_CXX_LIBRARY = "libc++";
				CLANG_ENABLE_MODULES = YES;
				CLANG_ENABLE_OBJC_ARC = NO;
				CLANG_WARN_BOOL_CONVERSION = YES;
				CLANG_WARN_CONSTANT_CONVERSION = YES;
				CLANG_WARN_DIRECT_OBJC_ISA_USAGE = YES_ERROR;
				CLANG_WARN_EMPTY_BODY = YES;
				CLANG_WARN_ENUM_CONVERSION = YES;
				CLANG_WARN_INT_CONVERSION = YES;
				CLANG_WARN_OBJC_ROOT_CLASS = YES_ERROR;
				CLANG_WARN__DUPLICATE_METHOD_MATCH = YES;
				"CODE_SIGN_IDENTITY[sdk=iphoneos*]" = "iPhone Developer";
				COPY_PHASE_STRIP = NO;
				GCC_C_LANGUAGE_STANDARD = gnu99;
				GCC_DYNAMIC_NO_PIC = NO;
				GCC_OPTIMIZATION_LEVEL = 0;
				GCC_PREPROCESSOR_DEFINITIONS = (
					"DEBUG=1",
					"$(inherited)",
				);
				GCC_SYMBOLS_PRIVATE_EXTERN = NO;
				GCC_WARN_64_TO_32_BIT_CONVERSION = YES;
				GCC_WARN_ABOUT_RETURN_TYPE = YES_ERROR;
				GCC_WARN_UNDECLARED_SELECTOR = YES;
				GCC_WARN_UNINITIALIZED_AUTOS = YES_AGGRESSIVE;
				GCC_WARN_UNUSED_FUNCTION = YES;
				GCC_WARN_UNUSED_VARIABLE = YES;
				IPHONEOS_DEPLOYMENT_TARGET = 7.1;
				ONLY_ACTIVE_ARCH = YES;
				SDKROOT = iphoneos;
			};
			name = Debug;
		};
		3BB507A0190C80250048252A /* Release */ = {
			isa = XCBuildConfiguration;
			buildSettings = {
				ALWAYS_SEARCH_USER_PATHS = NO;
				CLANG_CXX_LANGUAGE_STANDARD = "gnu++0x";
				CLANG_CXX_LIBRARY = "libc++";
				CLANG_ENABLE_MODULES = YES;
				CLANG_ENABLE_OBJC_ARC = NO;
				CLANG_WARN_BOOL_CONVERSION = YES;
				CLANG_WARN_CONSTANT_CONVERSION = YES;
				CLANG_WARN_DIRECT_OBJC_ISA_USAGE = YES_ERROR;
				CLANG_WARN_EMPTY_BODY = YES;
				CLANG_WARN_ENUM_CONVERSION = YES;
				CLANG_WARN_INT_CONVERSION = YES;
				CLANG_WARN_OBJC_ROOT_CLASS = YES_ERROR;
				CLANG_WARN__DUPLICATE_METHOD_MATCH = YES;
				"CODE_SIGN_IDENTITY[sdk=iphoneos*]" = "iPhone Developer";
				COPY_PHASE_STRIP = YES;
				ENABLE_NS_ASSERTIONS = NO;
				GCC_C_LANGUAGE_STANDARD = gnu99;
				GCC_WARN_64_TO_32_BIT_CONVERSION = YES;
				GCC_WARN_ABOUT_RETURN_TYPE = YES_ERROR;
				GCC_WARN_UNDECLARED_SELECTOR = YES;
				GCC_WARN_UNINITIALIZED_AUTOS = YES_AGGRESSIVE;
				GCC_WARN_UNUSED_FUNCTION = YES;
				GCC_WARN_UNUSED_VARIABLE = YES;
				IPHONEOS_DEPLOYMENT_TARGET = 7.1;
				SDKROOT = iphoneos;
				VALIDATE_PRODUCT = YES;
			};
			name = Release;
		};
		3BB507A2190C80250048252A /* Debug */ = {
			isa = XCBuildConfiguration;
			buildSettings = {
				ASSETCATALOG_COMPILER_APPICON_NAME = AppIcon;
				ASSETCATALOG_COMPILER_LAUNCHIMAGE_NAME = LaunchImage;
				GCC_PRECOMPILE_PREFIX_HEADER = YES;
				GCC_PREFIX_HEADER = "UIButton_0427/UIButton_0427-Prefix.pch";
				INFOPLIST_FILE = "UIButton_0427/UIButton_0427-Info.plist";
				PRODUCT_NAME = "$(TARGET_NAME)";
				WRAPPER_EXTENSION = app;
			};
			name = Debug;
		};
		3BB507A3190C80250048252A /* Release */ = {
			isa = XCBuildConfiguration;
			buildSettings = {
				ASSETCATALOG_COMPILER_APPICON_NAME = AppIcon;
				ASSETCATALOG_COMPILER_LAUNCHIMAGE_NAME = LaunchImage;
				GCC_PRECOMPILE_PREFIX_HEADER = YES;
				GCC_PREFIX_HEADER = "UIButton_0427/UIButton_0427-Prefix.pch";
				INFOPLIST_FILE = "UIButton_0427/UIButton_0427-Info.plist";
				PRODUCT_NAME = "$(TARGET_NAME)";
				WRAPPER_EXTENSION = app;
			};
			name = Release;
		};
		3BB507A5190C80250048252A /* Debug */ = {
			isa = XCBuildConfiguration;
			buildSettings = {
				BUNDLE_LOADER = "$(BUILT_PRODUCTS_DIR)/UIButton_0427.app/UIButton_0427";
				FRAMEWORK_SEARCH_PATHS = (
					"$(SDKROOT)/Developer/Library/Frameworks",
					"$(inherited)",
					"$(DEVELOPER_FRAMEWORKS_DIR)",
				);
				GCC_PRECOMPILE_PREFIX_HEADER = YES;
				GCC_PREFIX_HEADER = "UIButton_0427/UIButton_0427-Prefix.pch";
				GCC_PREPROCESSOR_DEFINITIONS = (
					"DEBUG=1",
					"$(inherited)",
				);
				INFOPLIST_FILE = "UIButton_0427Tests/UIButton_0427Tests-Info.plist";
				PRODUCT_NAME = "$(TARGET_NAME)";
				TEST_HOST = "$(BUNDLE_LOADER)";
				WRAPPER_EXTENSION = xctest;
			};
			name = Debug;
		};
		3BB507A6190C80250048252A /* Release */ = {
			isa = XCBuildConfiguration;
			buildSettings = {
				BUNDLE_LOADER = "$(BUILT_PRODUCTS_DIR)/UIButton_0427.app/UIButton_0427";
				FRAMEWORK_SEARCH_PATHS = (
					"$(SDKROOT)/Developer/Library/Frameworks",
					"$(inherited)",
					"$(DEVELOPER_FRAMEWORKS_DIR)",
				);
				GCC_PRECOMPILE_PREFIX_HEADER = YES;
				GCC_PREFIX_HEADER = "UIButton_0427/UIButton_0427-Prefix.pch";
				INFOPLIST_FILE = "UIButton_0427Tests/UIButton_0427Tests-Info.plist";
				PRODUCT_NAME = "$(TARGET_NAME)";
				TEST_HOST = "$(BUNDLE_LOADER)";
				WRAPPER_EXTENSION = xctest;
			};
			name = Release;
		};
/* End XCBuildConfiguration section */

/* Begin XCConfigurationList section */
		3BB50770190C80250048252A /* Build configuration list for PBXProject "UIButton_0427" */ = {
			isa = XCConfigurationList;
			buildConfigurations = (
				3BB5079F190C80250048252A /* Debug */,
				3BB507A0190C80250048252A /* Release */,
			);
			defaultConfigurationIsVisible = 0;
			defaultConfigurationName = Release;
		};
		3BB507A1190C80250048252A /* Build configuration list for PBXNativeTarget "UIButton_0427" */ = {
			isa = XCConfigurationList;
			buildConfigurations = (
				3BB507A2190C80250048252A /* Debug */,
				3BB507A3190C80250048252A /* Release */,
			);
			defaultConfigurationIsVisible = 0;
		};
		3BB507A4190C80250048252A /* Build configuration list for PBXNativeTarget "UIButton_0427Tests" */ = {
			isa = XCConfigurationList;
			buildConfigurations = (
				3BB507A5190C80250048252A /* Debug */,
				3BB507A6190C80250048252A /* Release */,
			);
			defaultConfigurationIsVisible = 0;
		};
/* End XCConfigurationList section */
	};
	rootObject = 3BB5076D190C80250048252A /* Project object */;
}
